// !$*UTF8*$!
{
	archiveVersion = 1;
	classes = {
	};
	objectVersion = 50;
	objects = {

/* Begin PBXBuildFile section */
		6DAF9FA22267269D006BAD6F /* AppDelegate.swift in Sources */ = {isa = PBXBuildFile; fileRef = 6DAF9FA12267269D006BAD6F /* AppDelegate.swift */; };
		6DAF9FA42267269D006BAD6F /* ViewController.swift in Sources */ = {isa = PBXBuildFile; fileRef = 6DAF9FA32267269D006BAD6F /* ViewController.swift */; };
		6DAF9FA9226726A0006BAD6F /* Assets.xcassets in Resources */ = {isa = PBXBuildFile; fileRef = 6DAF9FA8226726A0006BAD6F /* Assets.xcassets */; };
		6DAF9FAC226726A0006BAD6F /* LaunchScreen.storyboard in Resources */ = {isa = PBXBuildFile; fileRef = 6DAF9FAA226726A0006BAD6F /* LaunchScreen.storyboard */; };
		6DAF9FD3226739FD006BAD6F /* GenericListCellViewable.swift in Sources */ = {isa = PBXBuildFile; fileRef = 6DAF9FD2226739FD006BAD6F /* GenericListCellViewable.swift */; };
		6DAF9FD522673A75006BAD6F /* GenericListViewController.swift in Sources */ = {isa = PBXBuildFile; fileRef = 6DAF9FD422673A75006BAD6F /* GenericListViewController.swift */; };
		6DAF9FD722673AC5006BAD6F /* GenericListViewable.swift in Sources */ = {isa = PBXBuildFile; fileRef = 6DAF9FD622673AC5006BAD6F /* GenericListViewable.swift */; };
		6DAF9FD922673AD2006BAD6F /* LoadingView.swift in Sources */ = {isa = PBXBuildFile; fileRef = 6DAF9FD822673AD2006BAD6F /* LoadingView.swift */; };
		6DAF9FE222676EB6006BAD6F /* GenericListCollectionView.swift in Sources */ = {isa = PBXBuildFile; fileRef = 6DAF9FE122676EB6006BAD6F /* GenericListCollectionView.swift */; };
		6DAF9FE7226865F7006BAD6F /* CenteredLoadingView.swift in Sources */ = {isa = PBXBuildFile; fileRef = 6DAF9FE6226865F7006BAD6F /* CenteredLoadingView.swift */; };
		6DAF9FEC22686C86006BAD6F /* BaseView.swift in Sources */ = {isa = PBXBuildFile; fileRef = 6DAF9FEB22686C86006BAD6F /* BaseView.swift */; };
		6DAF9FF122686E5B006BAD6F /* UIView+Constraints.swift in Sources */ = {isa = PBXBuildFile; fileRef = 6DAF9FF022686E5B006BAD6F /* UIView+Constraints.swift */; };
		6DAFA02E2268C3DD006BAD6F /* ErrorView.swift in Sources */ = {isa = PBXBuildFile; fileRef = 6DAFA02D2268C3DD006BAD6F /* ErrorView.swift */; };
		6DAFA0312268C535006BAD6F /* BaseCollectionViewCell.swift in Sources */ = {isa = PBXBuildFile; fileRef = 6DAFA0302268C535006BAD6F /* BaseCollectionViewCell.swift */; };
/* End PBXBuildFile section */

/* Begin PBXFileReference section */
		6DAF9F9E2267269D006BAD6F /* GenericKitDemo.app */ = {isa = PBXFileReference; explicitFileType = wrapper.application; includeInIndex = 0; path = GenericKitDemo.app; sourceTree = BUILT_PRODUCTS_DIR; };
		6DAF9FA12267269D006BAD6F /* AppDelegate.swift */ = {isa = PBXFileReference; lastKnownFileType = sourcecode.swift; path = AppDelegate.swift; sourceTree = "<group>"; };
		6DAF9FA32267269D006BAD6F /* ViewController.swift */ = {isa = PBXFileReference; lastKnownFileType = sourcecode.swift; path = ViewController.swift; sourceTree = "<group>"; };
		6DAF9FA8226726A0006BAD6F /* Assets.xcassets */ = {isa = PBXFileReference; lastKnownFileType = folder.assetcatalog; path = Assets.xcassets; sourceTree = "<group>"; };
		6DAF9FAB226726A0006BAD6F /* Base */ = {isa = PBXFileReference; lastKnownFileType = file.storyboard; name = Base; path = Base.lproj/LaunchScreen.storyboard; sourceTree = "<group>"; };
		6DAF9FAD226726A0006BAD6F /* Info.plist */ = {isa = PBXFileReference; lastKnownFileType = text.plist.xml; path = Info.plist; sourceTree = "<group>"; };
		6DAF9FD2226739FD006BAD6F /* GenericListCellViewable.swift */ = {isa = PBXFileReference; lastKnownFileType = sourcecode.swift; path = GenericListCellViewable.swift; sourceTree = "<group>"; };
		6DAF9FD422673A75006BAD6F /* GenericListViewController.swift */ = {isa = PBXFileReference; lastKnownFileType = sourcecode.swift; path = GenericListViewController.swift; sourceTree = "<group>"; };
		6DAF9FD622673AC5006BAD6F /* GenericListViewable.swift */ = {isa = PBXFileReference; lastKnownFileType = sourcecode.swift; path = GenericListViewable.swift; sourceTree = "<group>"; };
		6DAF9FD822673AD2006BAD6F /* LoadingView.swift */ = {isa = PBXFileReference; lastKnownFileType = sourcecode.swift; path = LoadingView.swift; sourceTree = "<group>"; };
		6DAF9FE122676EB6006BAD6F /* GenericListCollectionView.swift */ = {isa = PBXFileReference; lastKnownFileType = sourcecode.swift; path = GenericListCollectionView.swift; sourceTree = "<group>"; };
		6DAF9FE6226865F7006BAD6F /* CenteredLoadingView.swift */ = {isa = PBXFileReference; lastKnownFileType = sourcecode.swift; path = CenteredLoadingView.swift; sourceTree = "<group>"; };
		6DAF9FEB22686C86006BAD6F /* BaseView.swift */ = {isa = PBXFileReference; lastKnownFileType = sourcecode.swift; path = BaseView.swift; sourceTree = "<group>"; };
		6DAF9FF022686E5B006BAD6F /* UIView+Constraints.swift */ = {isa = PBXFileReference; lastKnownFileType = sourcecode.swift; path = "UIView+Constraints.swift"; sourceTree = "<group>"; };
		6DAFA02D2268C3DD006BAD6F /* ErrorView.swift */ = {isa = PBXFileReference; fileEncoding = 4; lastKnownFileType = sourcecode.swift; path = ErrorView.swift; sourceTree = "<group>"; };
		6DAFA0302268C535006BAD6F /* BaseCollectionViewCell.swift */ = {isa = PBXFileReference; fileEncoding = 4; lastKnownFileType = sourcecode.swift; path = BaseCollectionViewCell.swift; sourceTree = "<group>"; };
/* End PBXFileReference section */

/* Begin PBXFrameworksBuildPhase section */
		6DAF9F9B2267269D006BAD6F /* Frameworks */ = {
			isa = PBXFrameworksBuildPhase;
			buildActionMask = 2147483647;
			files = (
			);
			runOnlyForDeploymentPostprocessing = 0;
		};
/* End PBXFrameworksBuildPhase section */

/* Begin PBXGroup section */
		6DAF9F952267269D006BAD6F = {
			isa = PBXGroup;
			children = (
				6DAF9FD022672BA6006BAD6F /* GenericKit */,
				6DAF9FCF2267278E006BAD6F /* GenericKitDemo */,
				6DAF9F9F2267269D006BAD6F /* Products */,
			);
			sourceTree = "<group>";
		};
		6DAF9F9F2267269D006BAD6F /* Products */ = {
			isa = PBXGroup;
			children = (
				6DAF9F9E2267269D006BAD6F /* GenericKitDemo.app */,
			);
			name = Products;
			sourceTree = "<group>";
		};
		6DAF9FCF2267278E006BAD6F /* GenericKitDemo */ = {
			isa = PBXGroup;
			children = (
				6DAF9FA12267269D006BAD6F /* AppDelegate.swift */,
				6DAF9FA8226726A0006BAD6F /* Assets.xcassets */,
				6DAF9FAD226726A0006BAD6F /* Info.plist */,
				6DAF9FAA226726A0006BAD6F /* LaunchScreen.storyboard */,
				6DAF9FA32267269D006BAD6F /* ViewController.swift */,
			);
			path = GenericKitDemo;
			sourceTree = "<group>";
		};
		6DAF9FD022672BA6006BAD6F /* GenericKit */ = {
			isa = PBXGroup;
			children = (
				6DAF9FEF22686E45006BAD6F /* Extensions */,
				6DAF9FD122673951006BAD6F /* GenericListView */,
				6DAF9FE5226865E5006BAD6F /* GenericViews */,
			);
			name = GenericKit;
			path = ../GenericKit;
			sourceTree = "<group>";
		};
		6DAF9FD122673951006BAD6F /* GenericListView */ = {
			isa = PBXGroup;
			children = (
				6DAF9FD2226739FD006BAD6F /* GenericListCellViewable.swift */,
				6DAF9FE122676EB6006BAD6F /* GenericListCollectionView.swift */,
				6DAF9FD622673AC5006BAD6F /* GenericListViewable.swift */,
				6DAF9FD422673A75006BAD6F /* GenericListViewController.swift */,
			);
			path = GenericListView;
			sourceTree = "<group>";
		};
		6DAF9FE5226865E5006BAD6F /* GenericViews */ = {
			isa = PBXGroup;
			children = (
				6DAF9FEA22686C70006BAD6F /* Base */,
				6DAFA02F2268C3F1006BAD6F /* ErrorView */,
				6DAF9FE8226868FB006BAD6F /* Loading */,
			);
			path = GenericViews;
			sourceTree = "<group>";
		};
		6DAF9FE8226868FB006BAD6F /* Loading */ = {
			isa = PBXGroup;
			children = (
				6DAF9FE6226865F7006BAD6F /* CenteredLoadingView.swift */,
				6DAF9FD822673AD2006BAD6F /* LoadingView.swift */,
			);
			path = Loading;
			sourceTree = "<group>";
		};
		6DAF9FEA22686C70006BAD6F /* Base */ = {
			isa = PBXGroup;
			children = (
				6DAFA0302268C535006BAD6F /* BaseCollectionViewCell.swift */,
				6DAF9FEB22686C86006BAD6F /* BaseView.swift */,
			);
			path = Base;
			sourceTree = "<group>";
		};
		6DAF9FEF22686E45006BAD6F /* Extensions */ = {
			isa = PBXGroup;
			children = (
				6DAF9FF022686E5B006BAD6F /* UIView+Constraints.swift */,
			);
			path = Extensions;
			sourceTree = "<group>";
		};
		6DAFA02F2268C3F1006BAD6F /* ErrorView */ = {
			isa = PBXGroup;
			children = (
				6DAFA02D2268C3DD006BAD6F /* ErrorView.swift */,
			);
			path = ErrorView;
			sourceTree = "<group>";
		};
/* End PBXGroup section */

/* Begin PBXNativeTarget section */
		6DAF9F9D2267269D006BAD6F /* GenericKitDemo */ = {
			isa = PBXNativeTarget;
			buildConfigurationList = 6DAF9FC6226726A0006BAD6F /* Build configuration list for PBXNativeTarget "GenericKitDemo" */;
			buildPhases = (
				6DAF9F9A2267269D006BAD6F /* Sources */,
				6DAF9F9B2267269D006BAD6F /* Frameworks */,
				6DAF9F9C2267269D006BAD6F /* Resources */,
			);
			buildRules = (
			);
			dependencies = (
			);
			name = GenericKitDemo;
			productName = GenericKit;
			productReference = 6DAF9F9E2267269D006BAD6F /* GenericKitDemo.app */;
			productType = "com.apple.product-type.application";
		};
/* End PBXNativeTarget section */

/* Begin PBXProject section */
		6DAF9F962267269D006BAD6F /* Project object */ = {
			isa = PBXProject;
			attributes = {
				LastSwiftUpdateCheck = 1010;
				LastUpgradeCheck = 1010;
				ORGANIZATIONNAME = "Victor Marcias";
				TargetAttributes = {
					6DAF9F9D2267269D006BAD6F = {
						CreatedOnToolsVersion = 10.1;
					};
				};
			};
			buildConfigurationList = 6DAF9F992267269D006BAD6F /* Build configuration list for PBXProject "GenericKit" */;
			compatibilityVersion = "Xcode 9.3";
			developmentRegion = en;
			hasScannedForEncodings = 0;
			knownRegions = (
				en,
				Base,
			);
			mainGroup = 6DAF9F952267269D006BAD6F;
			productRefGroup = 6DAF9F9F2267269D006BAD6F /* Products */;
			projectDirPath = "";
			projectRoot = "";
			targets = (
				6DAF9F9D2267269D006BAD6F /* GenericKitDemo */,
			);
		};
/* End PBXProject section */

/* Begin PBXResourcesBuildPhase section */
		6DAF9F9C2267269D006BAD6F /* Resources */ = {
			isa = PBXResourcesBuildPhase;
			buildActionMask = 2147483647;
			files = (
				6DAF9FAC226726A0006BAD6F /* LaunchScreen.storyboard in Resources */,
				6DAF9FA9226726A0006BAD6F /* Assets.xcassets in Resources */,
			);
			runOnlyForDeploymentPostprocessing = 0;
		};
/* End PBXResourcesBuildPhase section */

/* Begin PBXSourcesBuildPhase section */
		6DAF9F9A2267269D006BAD6F /* Sources */ = {
			isa = PBXSourcesBuildPhase;
			buildActionMask = 2147483647;
			files = (
				6DAFA02E2268C3DD006BAD6F /* ErrorView.swift in Sources */,
				6DAF9FD3226739FD006BAD6F /* GenericListCellViewable.swift in Sources */,
				6DAF9FD922673AD2006BAD6F /* LoadingView.swift in Sources */,
				6DAF9FF122686E5B006BAD6F /* UIView+Constraints.swift in Sources */,
				6DAF9FE7226865F7006BAD6F /* CenteredLoadingView.swift in Sources */,
				6DAF9FA42267269D006BAD6F /* ViewController.swift in Sources */,
				6DAFA0312268C535006BAD6F /* BaseCollectionViewCell.swift in Sources */,
				6DAF9FE222676EB6006BAD6F /* GenericListCollectionView.swift in Sources */,
				6DAF9FEC22686C86006BAD6F /* BaseView.swift in Sources */,
				6DAF9FD722673AC5006BAD6F /* GenericListViewable.swift in Sources */,
				6DAF9FD522673A75006BAD6F /* GenericListViewController.swift in Sources */,
				6DAF9FA22267269D006BAD6F /* AppDelegate.swift in Sources */,
			);
			runOnlyForDeploymentPostprocessing = 0;
		};
/* End PBXSourcesBuildPhase section */

/* Begin PBXVariantGroup section */
		6DAF9FAA226726A0006BAD6F /* LaunchScreen.storyboard */ = {
			isa = PBXVariantGroup;
			children = (
				6DAF9FAB226726A0006BAD6F /* Base */,
			);
			name = LaunchScreen.storyboard;
			sourceTree = "<group>";
		};
/* End PBXVariantGroup section */

/* Begin XCBuildConfiguration section */
		6DAF9FC4226726A0006BAD6F /* Debug */ = {
			isa = XCBuildConfiguration;
			buildSettings = {
				ALWAYS_SEARCH_USER_PATHS = NO;
				CLANG_ANALYZER_NONNULL = YES;
				CLANG_ANALYZER_NUMBER_OBJECT_CONVERSION = YES_AGGRESSIVE;
				CLANG_CXX_LANGUAGE_STANDARD = "gnu++14";
				CLANG_CXX_LIBRARY = "libc++";
				CLANG_ENABLE_MODULES = YES;
				CLANG_ENABLE_OBJC_ARC = YES;
				CLANG_ENABLE_OBJC_WEAK = YES;
				CLANG_WARN_BLOCK_CAPTURE_AUTORELEASING = YES;
				CLANG_WARN_BOOL_CONVERSION = YES;
				CLANG_WARN_COMMA = YES;
				CLANG_WARN_CONSTANT_CONVERSION = YES;
				CLANG_WARN_DEPRECATED_OBJC_IMPLEMENTATIONS = YES;
				CLANG_WARN_DIRECT_OBJC_ISA_USAGE = YES_ERROR;
				CLANG_WARN_DOCUMENTATION_COMMENTS = YES;
				CLANG_WARN_EMPTY_BODY = YES;
				CLANG_WARN_ENUM_CONVERSION = YES;
				CLANG_WARN_INFINITE_RECURSION = YES;
				CLANG_WARN_INT_CONVERSION = YES;
				CLANG_WARN_NON_LITERAL_NULL_CONVERSION = YES;
				CLANG_WARN_OBJC_IMPLICIT_RETAIN_SELF = YES;
				CLANG_WARN_OBJC_LITERAL_CONVERSION = YES;
				CLANG_WARN_OBJC_ROOT_CLASS = YES_ERROR;
				CLANG_WARN_RANGE_LOOP_ANALYSIS = YES;
				CLANG_WARN_STRICT_PROTOTYPES = YES;
				CLANG_WARN_SUSPICIOUS_MOVE = YES;
				CLANG_WARN_UNGUARDED_AVAILABILITY = YES_AGGRESSIVE;
				CLANG_WARN_UNREACHABLE_CODE = YES;
				CLANG_WARN__DUPLICATE_METHOD_MATCH = YES;
				CODE_SIGN_IDENTITY = "iPhone Developer";
				COPY_PHASE_STRIP = NO;
				DEBUG_INFORMATION_FORMAT = dwarf;
				ENABLE_STRICT_OBJC_MSGSEND = YES;
				ENABLE_TESTABILITY = YES;
				GCC_C_LANGUAGE_STANDARD = gnu11;
				GCC_DYNAMIC_NO_PIC = NO;
				GCC_NO_COMMON_BLOCKS = YES;
				GCC_OPTIMIZATION_LEVEL = 0;
				GCC_PREPROCESSOR_DEFINITIONS = (
					"DEBUG=1",
					"$(inherited)",
				);
				GCC_WARN_64_TO_32_BIT_CONVERSION = YES;
				GCC_WARN_ABOUT_RETURN_TYPE = YES_ERROR;
				GCC_WARN_UNDECLARED_SELECTOR = YES;
				GCC_WARN_UNINITIALIZED_AUTOS = YES_AGGRESSIVE;
				GCC_WARN_UNUSED_FUNCTION = YES;
				GCC_WARN_UNUSED_VARIABLE = YES;
				IPHONEOS_DEPLOYMENT_TARGET = 9.0;
				MTL_ENABLE_DEBUG_INFO = INCLUDE_SOURCE;
				MTL_FAST_MATH = YES;
				ONLY_ACTIVE_ARCH = YES;
				SDKROOT = iphoneos;
				SWIFT_ACTIVE_COMPILATION_CONDITIONS = DEBUG;
				SWIFT_OPTIMIZATION_LEVEL = "-Onone";
			};
			name = Debug;
		};
		6DAF9FC5226726A0006BAD6F /* Release */ = {
			isa = XCBuildConfiguration;
			buildSettings = {
				ALWAYS_SEARCH_USER_PATHS = NO;
				CLANG_ANALYZER_NONNULL = YES;
				CLANG_ANALYZER_NUMBER_OBJECT_CONVERSION = YES_AGGRESSIVE;
				CLANG_CXX_LANGUAGE_STANDARD = "gnu++14";
				CLANG_CXX_LIBRARY = "libc++";
				CLANG_ENABLE_MODULES = YES;
				CLANG_ENABLE_OBJC_ARC = YES;
				CLANG_ENABLE_OBJC_WEAK = YES;
				CLANG_WARN_BLOCK_CAPTURE_AUTORELEASING = YES;
				CLANG_WARN_BOOL_CONVERSION = YES;
				CLANG_WARN_COMMA = YES;
				CLANG_WARN_CONSTANT_CONVERSION = YES;
				CLANG_WARN_DEPRECATED_OBJC_IMPLEMENTATIONS = YES;
				CLANG_WARN_DIRECT_OBJC_ISA_USAGE = YES_ERROR;
				CLANG_WARN_DOCUMENTATION_COMMENTS = YES;
				CLANG_WARN_EMPTY_BODY = YES;
				CLANG_WARN_ENUM_CONVERSION = YES;
				CLANG_WARN_INFINITE_RECURSION = YES;
				CLANG_WARN_INT_CONVERSION = YES;
				CLANG_WARN_NON_LITERAL_NULL_CONVERSION = YES;
				CLANG_WARN_OBJC_IMPLICIT_RETAIN_SELF = YES;
				CLANG_WARN_OBJC_LITERAL_CONVERSION = YES;
				CLANG_WARN_OBJC_ROOT_CLASS = YES_ERROR;
				CLANG_WARN_RANGE_LOOP_ANALYSIS = YES;
				CLANG_WARN_STRICT_PROTOTYPES = YES;
				CLANG_WARN_SUSPICIOUS_MOVE = YES;
				CLANG_WARN_UNGUARDED_AVAILABILITY = YES_AGGRESSIVE;
				CLANG_WARN_UNREACHABLE_CODE = YES;
				CLANG_WARN__DUPLICATE_METHOD_MATCH = YES;
				CODE_SIGN_IDENTITY = "iPhone Developer";
				COPY_PHASE_STRIP = NO;
				DEBUG_INFORMATION_FORMAT = "dwarf-with-dsym";
				ENABLE_NS_ASSERTIONS = NO;
				ENABLE_STRICT_OBJC_MSGSEND = YES;
				GCC_C_LANGUAGE_STANDARD = gnu11;
				GCC_NO_COMMON_BLOCKS = YES;
				GCC_WARN_64_TO_32_BIT_CONVERSION = YES;
				GCC_WARN_ABOUT_RETURN_TYPE = YES_ERROR;
				GCC_WARN_UNDECLARED_SELECTOR = YES;
				GCC_WARN_UNINITIALIZED_AUTOS = YES_AGGRESSIVE;
				GCC_WARN_UNUSED_FUNCTION = YES;
				GCC_WARN_UNUSED_VARIABLE = YES;
				IPHONEOS_DEPLOYMENT_TARGET = 9.0;
				MTL_ENABLE_DEBUG_INFO = NO;
				MTL_FAST_MATH = YES;
				SDKROOT = iphoneos;
				SWIFT_COMPILATION_MODE = wholemodule;
				SWIFT_OPTIMIZATION_LEVEL = "-O";
				VALIDATE_PRODUCT = YES;
			};
			name = Release;
		};
		6DAF9FC7226726A0006BAD6F /* Debug */ = {
			isa = XCBuildConfiguration;
			buildSettings = {
				ASSETCATALOG_COMPILER_APPICON_NAME = AppIcon;
				CODE_SIGN_STYLE = Automatic;
				INFOPLIST_FILE = GenericKitDemo/Info.plist;
				IPHONEOS_DEPLOYMENT_TARGET = 9.0;
				LD_RUNPATH_SEARCH_PATHS = (
					"$(inherited)",
					"@executable_path/Frameworks",
				);
				PRODUCT_BUNDLE_IDENTIFIER = com.victormarcias.GenericKit;
				PRODUCT_NAME = "$(TARGET_NAME)";
				SWIFT_VERSION = 4.2;
				TARGETED_DEVICE_FAMILY = "1,2";
			};
			name = Debug;
		};
		6DAF9FC8226726A0006BAD6F /* Release */ = {
			isa = XCBuildConfiguration;
			buildSettings = {
				ASSETCATALOG_COMPILER_APPICON_NAME = AppIcon;
				CODE_SIGN_STYLE = Automatic;
				INFOPLIST_FILE = GenericKitDemo/Info.plist;
				IPHONEOS_DEPLOYMENT_TARGET = 9.0;
				LD_RUNPATH_SEARCH_PATHS = (
					"$(inherited)",
					"@executable_path/Frameworks",
				);
				PRODUCT_BUNDLE_IDENTIFIER = com.victormarcias.GenericKit;
				PRODUCT_NAME = "$(TARGET_NAME)";
				SWIFT_VERSION = 4.2;
				TARGETED_DEVICE_FAMILY = "1,2";
			};
			name = Release;
		};
/* End XCBuildConfiguration section */

/* Begin XCConfigurationList section */
		6DAF9F992267269D006BAD6F /* Build configuration list for PBXProject "GenericKit" */ = {
			isa = XCConfigurationList;
			buildConfigurations = (
				6DAF9FC4226726A0006BAD6F /* Debug */,
				6DAF9FC5226726A0006BAD6F /* Release */,
			);
			defaultConfigurationIsVisible = 0;
			defaultConfigurationName = Release;
		};
		6DAF9FC6226726A0006BAD6F /* Build configuration list for PBXNativeTarget "GenericKitDemo" */ = {
			isa = XCConfigurationList;
			buildConfigurations = (
				6DAF9FC7226726A0006BAD6F /* Debug */,
				6DAF9FC8226726A0006BAD6F /* Release */,
			);
			defaultConfigurationIsVisible = 0;
			defaultConfigurationName = Release;
		};
/* End XCConfigurationList section */
	};
	rootObject = 6DAF9F962267269D006BAD6F /* Project object */;
}
