PODS:
  - Alamofire (4.8.2)
  - Alamofire-SwiftyJSON (3.0.0):
    - Alamofire (~> 4.5)
    - SwiftyJSON (~> 4.0.0)
  - Kingfisher (5.3.1)
  - ObjectMapper (3.4.2)
  - SnapKit (4.2.0)
  - SwiftyJSON (4.0.0)

DEPENDENCIES:
  - Alamofire (~> 4.8)
  - Alamofire-SwiftyJSON (~> 3)
  - Kingfisher (~> 5)
  - ObjectMapper (~> 3.4)
  - SnapKit (~> 4.2)

SPEC REPOS:
  https://github.com/cocoapods/specs.git:
    - Alamofire
    - Alamofire-SwiftyJSON
    - Kingfisher
    - ObjectMapper
    - SnapKit
    - SwiftyJSON

SPEC CHECKSUMS:
  Alamofire: ae5c501addb7afdbb13687d7f2f722c78734c2d3
  Alamofire-SwiftyJSON: 2b3649d57dc7bb2880fb8b86f8bb969397666916
  Kingfisher: d9e7e0b209b59b8f9873aa2f37654e81a7beea51
  ObjectMapper: 0d4402610f4e468903ae64629eec4784531e5c51
  SnapKit: fe8a619752f3f27075cc9a90244d75c6c3f27e2a
  SwiftyJSON: 070dabdcb1beb81b247c65ffa3a79dbbfb3b48aa

PODFILE CHECKSUM: 063393e98b4c5cf0471f11e6f7a46405b3526053

COCOAPODS: 1.6.0
