// !$*UTF8*$!
{
	archiveVersion = 1;
	classes = {
	};
	objectVersion = 50;
	objects = {

/* Begin PBXBuildFile section */
		04C3DC8626F15D25000E903B /* Podfile in Resources */ = {isa = PBXBuildFile; fileRef = 04C3DC8526F15D25000E903B /* Podfile */; };
		04D471D925362FBE000015A2 /* Assets.xcassets in Resources */ = {isa = PBXBuildFile; fileRef = 04D471C725362FBD000015A2 /* Assets.xcassets */; };
		04D471DA25362FBE000015A2 /* Default-568h@2x.png in Resources */ = {isa = PBXBuildFile; fileRef = 04D471C825362FBD000015A2 /* Default-568h@2x.png */; };
		04D471DC25362FBE000015A2 /* AppDelegate.swift in Sources */ = {isa = PBXBuildFile; fileRef = 04D471CA25362FBE000015A2 /* AppDelegate.swift */; };
		04D471DD25362FBE000015A2 /* CharacterGridViewCell.swift in Sources */ = {isa = PBXBuildFile; fileRef = 04D471CD25362FBE000015A2 /* CharacterGridViewCell.swift */; };
		04D471DE25362FBE000015A2 /* CharacterListViewCell.swift in Sources */ = {isa = PBXBuildFile; fileRef = 04D471CE25362FBE000015A2 /* CharacterListViewCell.swift */; };
		04D471DF25362FBE000015A2 /* CharactersViewControllers.swift in Sources */ = {isa = PBXBuildFile; fileRef = 04D471CF25362FBE000015A2 /* CharactersViewControllers.swift */; };
		04D471E025362FBE000015A2 /* MarvelDemoViewController.swift in Sources */ = {isa = PBXBuildFile; fileRef = 04D471D025362FBE000015A2 /* MarvelDemoViewController.swift */; };
		04D471E125362FBE000015A2 /* CharactersViewModel.swift in Sources */ = {isa = PBXBuildFile; fileRef = 04D471D225362FBE000015A2 /* CharactersViewModel.swift */; };
		04D471E225362FBE000015A2 /* MarvelCharacters.json in Resources */ = {isa = PBXBuildFile; fileRef = 04D471D325362FBE000015A2 /* MarvelCharacters.json */; };
		04D471E325362FBE000015A2 /* MarvelCharacter.swift in Sources */ = {isa = PBXBuildFile; fileRef = 04D471D425362FBE000015A2 /* MarvelCharacter.swift */; };
		04D471E425362FBE000015A2 /* CharactersMockViewModel.swift in Sources */ = {isa = PBXBuildFile; fileRef = 04D471D525362FBE000015A2 /* CharactersMockViewModel.swift */; };
		04D471E525362FBE000015A2 /* String+md5.swift in Sources */ = {isa = PBXBuildFile; fileRef = 04D471D625362FBE000015A2 /* String+md5.swift */; };
		04D471E625362FBE000015A2 /* CharactersResponse.swift in Sources */ = {isa = PBXBuildFile; fileRef = 04D471D725362FBE000015A2 /* CharactersResponse.swift */; };
		04D471E725362FBE000015A2 /* MarvelAPI.swift in Sources */ = {isa = PBXBuildFile; fileRef = 04D471D825362FBE000015A2 /* MarvelAPI.swift */; };
		763414226504193A63979A6F /* libPods-MarvelDemo.a in Frameworks */ = {isa = PBXBuildFile; fileRef = 9D6AE03F760C62E643BC4493 /* libPods-MarvelDemo.a */; };
/* End PBXBuildFile section */

/* Begin PBXFileReference section */
		04C3DC8526F15D25000E903B /* Podfile */ = {isa = PBXFileReference; fileEncoding = 4; lastKnownFileType = text; path = Podfile; sourceTree = SOURCE_ROOT; };
		04C3DC8926F15D82000E903B /* SimpleTableViewController.swift */ = {isa = PBXFileReference; lastKnownFileType = sourcecode.swift; path = SimpleTableViewController.swift; sourceTree = "<group>"; };
		04C3DC8B26F15D82000E903B /* UIView+Constraints.swift */ = {isa = PBXFileReference; lastKnownFileType = sourcecode.swift; path = "UIView+Constraints.swift"; sourceTree = "<group>"; };
		04C3DC8C26F15D82000E903B /* UIImageView+URL.swift */ = {isa = PBXFileReference; lastKnownFileType = sourcecode.swift; path = "UIImageView+URL.swift"; sourceTree = "<group>"; };
		04C3DC8E26F15D82000E903B /* DemoListViewable.swift */ = {isa = PBXFileReference; lastKnownFileType = sourcecode.swift; path = DemoListViewable.swift; sourceTree = "<group>"; };
		04C3DC8F26F15D82000E903B /* DemoListViewModel.swift */ = {isa = PBXFileReference; lastKnownFileType = sourcecode.swift; path = DemoListViewModel.swift; sourceTree = "<group>"; };
		04C3DC9026F15D82000E903B /* DemoListViewController.swift */ = {isa = PBXFileReference; lastKnownFileType = sourcecode.swift; path = DemoListViewController.swift; sourceTree = "<group>"; };
		04C3DC9126F15D82000E903B /* DemoListCollectionView.swift */ = {isa = PBXFileReference; lastKnownFileType = sourcecode.swift; path = DemoListCollectionView.swift; sourceTree = "<group>"; };
		04C3DC9326F15D82000E903B /* MockResponse.swift */ = {isa = PBXFileReference; lastKnownFileType = sourcecode.swift; path = MockResponse.swift; sourceTree = "<group>"; };
		04C3DC9426F15D82000E903B /* EndpointResponse.swift */ = {isa = PBXFileReference; lastKnownFileType = sourcecode.swift; path = EndpointResponse.swift; sourceTree = "<group>"; };
		04C3DC9526F15D82000E903B /* Endpoint.swift */ = {isa = PBXFileReference; lastKnownFileType = sourcecode.swift; path = Endpoint.swift; sourceTree = "<group>"; };
		04C3DC9826F15D82000E903B /* CenteredLoadingView.swift */ = {isa = PBXFileReference; lastKnownFileType = sourcecode.swift; path = CenteredLoadingView.swift; sourceTree = "<group>"; };
		04C3DC9926F15D82000E903B /* LoadingView.swift */ = {isa = PBXFileReference; lastKnownFileType = sourcecode.swift; path = LoadingView.swift; sourceTree = "<group>"; };
		04C3DC9B26F15D82000E903B /* ImageView.swift */ = {isa = PBXFileReference; lastKnownFileType = sourcecode.swift; path = ImageView.swift; sourceTree = "<group>"; };
		04C3DC9D26F15D82000E903B /* TableItemView.swift */ = {isa = PBXFileReference; lastKnownFileType = sourcecode.swift; path = TableItemView.swift; sourceTree = "<group>"; };
		04C3DC9E26F15D82000E903B /* HeaderView.swift */ = {isa = PBXFileReference; lastKnownFileType = sourcecode.swift; path = HeaderView.swift; sourceTree = "<group>"; };
		04C3DC9F26F15D82000E903B /* GridItemView.swift */ = {isa = PBXFileReference; lastKnownFileType = sourcecode.swift; path = GridItemView.swift; sourceTree = "<group>"; };
		04C3DCA126F15D82000E903B /* CenteredErrorView.swift */ = {isa = PBXFileReference; lastKnownFileType = sourcecode.swift; path = CenteredErrorView.swift; sourceTree = "<group>"; };
		04C3DCA226F15D82000E903B /* ErrorView.swift */ = {isa = PBXFileReference; lastKnownFileType = sourcecode.swift; path = ErrorView.swift; sourceTree = "<group>"; };
		04C3DCA426F15D82000E903B /* BaseCollectionViewCell.swift */ = {isa = PBXFileReference; lastKnownFileType = sourcecode.swift; path = BaseCollectionViewCell.swift; sourceTree = "<group>"; };
		04C3DCA526F15D82000E903B /* BaseView.swift */ = {isa = PBXFileReference; lastKnownFileType = sourcecode.swift; path = BaseView.swift; sourceTree = "<group>"; };
		04D471B125362C7A000015A2 /* MarvelDemo.app */ = {isa = PBXFileReference; explicitFileType = wrapper.application; includeInIndex = 0; path = MarvelDemo.app; sourceTree = BUILT_PRODUCTS_DIR; };
		04D471C725362FBD000015A2 /* Assets.xcassets */ = {isa = PBXFileReference; lastKnownFileType = folder.assetcatalog; path = Assets.xcassets; sourceTree = "<group>"; };
		04D471C825362FBD000015A2 /* Default-568h@2x.png */ = {isa = PBXFileReference; lastKnownFileType = image.png; path = "Default-568h@2x.png"; sourceTree = "<group>"; };
		04D471C925362FBD000015A2 /* Info.plist */ = {isa = PBXFileReference; fileEncoding = 4; lastKnownFileType = text.plist.xml; path = Info.plist; sourceTree = "<group>"; };
		04D471CA25362FBE000015A2 /* AppDelegate.swift */ = {isa = PBXFileReference; fileEncoding = 4; lastKnownFileType = sourcecode.swift; path = AppDelegate.swift; sourceTree = "<group>"; };
		04D471CD25362FBE000015A2 /* CharacterGridViewCell.swift */ = {isa = PBXFileReference; fileEncoding = 4; lastKnownFileType = sourcecode.swift; path = CharacterGridViewCell.swift; sourceTree = "<group>"; };
		04D471CE25362FBE000015A2 /* CharacterListViewCell.swift */ = {isa = PBXFileReference; fileEncoding = 4; lastKnownFileType = sourcecode.swift; path = CharacterListViewCell.swift; sourceTree = "<group>"; };
		04D471CF25362FBE000015A2 /* CharactersViewControllers.swift */ = {isa = PBXFileReference; fileEncoding = 4; lastKnownFileType = sourcecode.swift; path = CharactersViewControllers.swift; sourceTree = "<group>"; };
		04D471D025362FBE000015A2 /* MarvelDemoViewController.swift */ = {isa = PBXFileReference; fileEncoding = 4; lastKnownFileType = sourcecode.swift; path = MarvelDemoViewController.swift; sourceTree = "<group>"; };
		04D471D225362FBE000015A2 /* CharactersViewModel.swift */ = {isa = PBXFileReference; fileEncoding = 4; lastKnownFileType = sourcecode.swift; path = CharactersViewModel.swift; sourceTree = "<group>"; };
		04D471D325362FBE000015A2 /* MarvelCharacters.json */ = {isa = PBXFileReference; fileEncoding = 4; lastKnownFileType = text.json; path = MarvelCharacters.json; sourceTree = "<group>"; };
		04D471D425362FBE000015A2 /* MarvelCharacter.swift */ = {isa = PBXFileReference; fileEncoding = 4; lastKnownFileType = sourcecode.swift; path = MarvelCharacter.swift; sourceTree = "<group>"; };
		04D471D525362FBE000015A2 /* CharactersMockViewModel.swift */ = {isa = PBXFileReference; fileEncoding = 4; lastKnownFileType = sourcecode.swift; path = CharactersMockViewModel.swift; sourceTree = "<group>"; };
		04D471D625362FBE000015A2 /* String+md5.swift */ = {isa = PBXFileReference; fileEncoding = 4; lastKnownFileType = sourcecode.swift; path = "String+md5.swift"; sourceTree = "<group>"; };
		04D471D725362FBE000015A2 /* CharactersResponse.swift */ = {isa = PBXFileReference; fileEncoding = 4; lastKnownFileType = sourcecode.swift; path = CharactersResponse.swift; sourceTree = "<group>"; };
		04D471D825362FBE000015A2 /* MarvelAPI.swift */ = {isa = PBXFileReference; fileEncoding = 4; lastKnownFileType = sourcecode.swift; path = MarvelAPI.swift; sourceTree = "<group>"; };
		5729EE3F386BEA4C72961D53 /* Pods-MarvelDemo.debug.xcconfig */ = {isa = PBXFileReference; includeInIndex = 1; lastKnownFileType = text.xcconfig; name = "Pods-MarvelDemo.debug.xcconfig"; path = "Target Support Files/Pods-MarvelDemo/Pods-MarvelDemo.debug.xcconfig"; sourceTree = "<group>"; };
		9D6AE03F760C62E643BC4493 /* libPods-MarvelDemo.a */ = {isa = PBXFileReference; explicitFileType = archive.ar; includeInIndex = 0; path = "libPods-MarvelDemo.a"; sourceTree = BUILT_PRODUCTS_DIR; };
		E2C22EE69F22464D5F28A3C2 /* Pods-MarvelDemo.release.xcconfig */ = {isa = PBXFileReference; includeInIndex = 1; lastKnownFileType = text.xcconfig; name = "Pods-MarvelDemo.release.xcconfig"; path = "Target Support Files/Pods-MarvelDemo/Pods-MarvelDemo.release.xcconfig"; sourceTree = "<group>"; };
/* End PBXFileReference section */

/* Begin PBXFrameworksBuildPhase section */
		04D471AE25362C7A000015A2 /* Frameworks */ = {
			isa = PBXFrameworksBuildPhase;
			buildActionMask = 2147483647;
			files = (
				763414226504193A63979A6F /* libPods-MarvelDemo.a in Frameworks */,
			);
			runOnlyForDeploymentPostprocessing = 0;
		};
/* End PBXFrameworksBuildPhase section */

/* Begin PBXGroup section */
		04C3DC8726F15D82000E903B /* DemoKit */ = {
			isa = PBXGroup;
			children = (
				04C3DC9226F15D82000E903B /* API */,
				04C3DC8A26F15D82000E903B /* Extensions */,
				04C3DC8D26F15D82000E903B /* ListView */,
				04C3DC8826F15D82000E903B /* TableView */,
				04C3DC9626F15D82000E903B /* Views */,
			);
			name = DemoKit;
			path = ../DemoKit;
			sourceTree = "<group>";
		};
		04C3DC8826F15D82000E903B /* TableView */ = {
			isa = PBXGroup;
			children = (
				04C3DC8926F15D82000E903B /* SimpleTableViewController.swift */,
			);
			path = TableView;
			sourceTree = "<group>";
		};
		04C3DC8A26F15D82000E903B /* Extensions */ = {
			isa = PBXGroup;
			children = (
				04C3DC8B26F15D82000E903B /* UIView+Constraints.swift */,
				04C3DC8C26F15D82000E903B /* UIImageView+URL.swift */,
			);
			path = Extensions;
			sourceTree = "<group>";
		};
		04C3DC8D26F15D82000E903B /* ListView */ = {
			isa = PBXGroup;
			children = (
				04C3DC8E26F15D82000E903B /* DemoListViewable.swift */,
				04C3DC8F26F15D82000E903B /* DemoListViewModel.swift */,
				04C3DC9026F15D82000E903B /* DemoListViewController.swift */,
				04C3DC9126F15D82000E903B /* DemoListCollectionView.swift */,
			);
			path = ListView;
			sourceTree = "<group>";
		};
		04C3DC9226F15D82000E903B /* API */ = {
			isa = PBXGroup;
			children = (
				04C3DC9326F15D82000E903B /* MockResponse.swift */,
				04C3DC9426F15D82000E903B /* EndpointResponse.swift */,
				04C3DC9526F15D82000E903B /* Endpoint.swift */,
			);
			path = API;
			sourceTree = "<group>";
		};
		04C3DC9626F15D82000E903B /* Views */ = {
			isa = PBXGroup;
			children = (
				04C3DC9726F15D82000E903B /* LoadingView */,
				04C3DC9A26F15D82000E903B /* ImageView */,
				04C3DC9C26F15D82000E903B /* ItemView */,
				04C3DCA026F15D82000E903B /* ErrorView */,
				04C3DCA326F15D82000E903B /* Base */,
			);
			path = Views;
			sourceTree = "<group>";
		};
		04C3DC9726F15D82000E903B /* LoadingView */ = {
			isa = PBXGroup;
			children = (
				04C3DC9826F15D82000E903B /* CenteredLoadingView.swift */,
				04C3DC9926F15D82000E903B /* LoadingView.swift */,
			);
			path = LoadingView;
			sourceTree = "<group>";
		};
		04C3DC9A26F15D82000E903B /* ImageView */ = {
			isa = PBXGroup;
			children = (
				04C3DC9B26F15D82000E903B /* ImageView.swift */,
			);
			path = ImageView;
			sourceTree = "<group>";
		};
		04C3DC9C26F15D82000E903B /* ItemView */ = {
			isa = PBXGroup;
			children = (
				04C3DC9D26F15D82000E903B /* TableItemView.swift */,
				04C3DC9E26F15D82000E903B /* HeaderView.swift */,
				04C3DC9F26F15D82000E903B /* GridItemView.swift */,
			);
			path = ItemView;
			sourceTree = "<group>";
		};
		04C3DCA026F15D82000E903B /* ErrorView */ = {
			isa = PBXGroup;
			children = (
				04C3DCA126F15D82000E903B /* CenteredErrorView.swift */,
				04C3DCA226F15D82000E903B /* ErrorView.swift */,
			);
			path = ErrorView;
			sourceTree = "<group>";
		};
		04C3DCA326F15D82000E903B /* Base */ = {
			isa = PBXGroup;
			children = (
				04C3DCA426F15D82000E903B /* BaseCollectionViewCell.swift */,
				04C3DCA526F15D82000E903B /* BaseView.swift */,
			);
			path = Base;
			sourceTree = "<group>";
		};
		04D471A825362C7A000015A2 = {
			isa = PBXGroup;
			children = (
				04C3DC8726F15D82000E903B /* DemoKit */,
				04D471B325362C7A000015A2 /* MarvelDemo */,
				53FA3BF170DFAF55583661CF /* Pods */,
				04D471B225362C7A000015A2 /* Products */,
				DBA505CA13E04073AFACFCC3 /* Frameworks */,
			);
			sourceTree = "<group>";
		};
		04D471B225362C7A000015A2 /* Products */ = {
			isa = PBXGroup;
			children = (
				04D471B125362C7A000015A2 /* MarvelDemo.app */,
			);
			name = Products;
			sourceTree = "<group>";
		};
		04D471B325362C7A000015A2 /* MarvelDemo */ = {
			isa = PBXGroup;
			children = (
				04C3DC8526F15D25000E903B /* Podfile */,
				04D471CA25362FBE000015A2 /* AppDelegate.swift */,
				04D471CB25362FBE000015A2 /* Marvel */,
				04D471C625362FBD000015A2 /* Resources */,
			);
			path = MarvelDemo;
			sourceTree = "<group>";
		};
		04D471C625362FBD000015A2 /* Resources */ = {
			isa = PBXGroup;
			children = (
				04D471C725362FBD000015A2 /* Assets.xcassets */,
				04D471C825362FBD000015A2 /* Default-568h@2x.png */,
				04D471C925362FBD000015A2 /* Info.plist */,
			);
			path = Resources;
			sourceTree = "<group>";
		};
		04D471CB25362FBE000015A2 /* Marvel */ = {
			isa = PBXGroup;
			children = (
				04D471D125362FBE000015A2 /* API */,
				04D471CC25362FBE000015A2 /* UI */,
			);
			path = Marvel;
			sourceTree = "<group>";
		};
		04D471CC25362FBE000015A2 /* UI */ = {
			isa = PBXGroup;
			children = (
				04D471CD25362FBE000015A2 /* CharacterGridViewCell.swift */,
				04D471CE25362FBE000015A2 /* CharacterListViewCell.swift */,
				04D471CF25362FBE000015A2 /* CharactersViewControllers.swift */,
				04D471D025362FBE000015A2 /* MarvelDemoViewController.swift */,
			);
			path = UI;
			sourceTree = "<group>";
		};
		04D471D125362FBE000015A2 /* API */ = {
			isa = PBXGroup;
			children = (
				04D471D525362FBE000015A2 /* CharactersMockViewModel.swift */,
				04D471D725362FBE000015A2 /* CharactersResponse.swift */,
				04D471D225362FBE000015A2 /* CharactersViewModel.swift */,
				04D471D825362FBE000015A2 /* MarvelAPI.swift */,
				04D471D425362FBE000015A2 /* MarvelCharacter.swift */,
				04D471D325362FBE000015A2 /* MarvelCharacters.json */,
				04D471D625362FBE000015A2 /* String+md5.swift */,
			);
			path = API;
			sourceTree = "<group>";
		};
		53FA3BF170DFAF55583661CF /* Pods */ = {
			isa = PBXGroup;
			children = (
				5729EE3F386BEA4C72961D53 /* Pods-MarvelDemo.debug.xcconfig */,
				E2C22EE69F22464D5F28A3C2 /* Pods-MarvelDemo.release.xcconfig */,
			);
			path = Pods;
			sourceTree = "<group>";
		};
		DBA505CA13E04073AFACFCC3 /* Frameworks */ = {
			isa = PBXGroup;
			children = (
				9D6AE03F760C62E643BC4493 /* libPods-MarvelDemo.a */,
			);
			name = Frameworks;
			sourceTree = "<group>";
		};
/* End PBXGroup section */

/* Begin PBXNativeTarget section */
		04D471B025362C7A000015A2 /* MarvelDemo */ = {
			isa = PBXNativeTarget;
			buildConfigurationList = 04D471C325362C80000015A2 /* Build configuration list for PBXNativeTarget "MarvelDemo" */;
			buildPhases = (
				8437DCD6B4813DE0E165D0D6 /* [CP] Check Pods Manifest.lock */,
				04D471AD25362C7A000015A2 /* Sources */,
				04D471AE25362C7A000015A2 /* Frameworks */,
				04D471AF25362C7A000015A2 /* Resources */,
			);
			buildRules = (
			);
			dependencies = (
			);
			name = MarvelDemo;
			productName = MarvelDemo;
			productReference = 04D471B125362C7A000015A2 /* MarvelDemo.app */;
			productType = "com.apple.product-type.application";
		};
/* End PBXNativeTarget section */

/* Begin PBXProject section */
		04D471A925362C7A000015A2 /* Project object */ = {
			isa = PBXProject;
			attributes = {
				LastSwiftUpdateCheck = 1010;
				LastUpgradeCheck = 1250;
				ORGANIZATIONNAME = "Victor Marcias";
				TargetAttributes = {
					04D471B025362C7A000015A2 = {
						CreatedOnToolsVersion = 10.1;
						LastSwiftMigration = 1250;
					};
				};
			};
			buildConfigurationList = 04D471AC25362C7A000015A2 /* Build configuration list for PBXProject "MarvelDemo" */;
			compatibilityVersion = "Xcode 9.3";
			developmentRegion = en;
			hasScannedForEncodings = 0;
			knownRegions = (
				en,
				Base,
			);
			mainGroup = 04D471A825362C7A000015A2;
			productRefGroup = 04D471B225362C7A000015A2 /* Products */;
			projectDirPath = "";
			projectRoot = "";
			targets = (
				04D471B025362C7A000015A2 /* MarvelDemo */,
			);
		};
/* End PBXProject section */

/* Begin PBXResourcesBuildPhase section */
		04D471AF25362C7A000015A2 /* Resources */ = {
			isa = PBXResourcesBuildPhase;
			buildActionMask = 2147483647;
			files = (
				04D471E225362FBE000015A2 /* MarvelCharacters.json in Resources */,
				04D471D925362FBE000015A2 /* Assets.xcassets in Resources */,
				04C3DC8626F15D25000E903B /* Podfile in Resources */,
				04D471DA25362FBE000015A2 /* Default-568h@2x.png in Resources */,
			);
			runOnlyForDeploymentPostprocessing = 0;
		};
/* End PBXResourcesBuildPhase section */

/* Begin PBXShellScriptBuildPhase section */
		8437DCD6B4813DE0E165D0D6 /* [CP] Check Pods Manifest.lock */ = {
			isa = PBXShellScriptBuildPhase;
			buildActionMask = 2147483647;
			files = (
			);
			inputFileListPaths = (
			);
			inputPaths = (
				"${PODS_PODFILE_DIR_PATH}/Podfile.lock",
				"${PODS_ROOT}/Manifest.lock",
			);
			name = "[CP] Check Pods Manifest.lock";
			outputFileListPaths = (
			);
			outputPaths = (
				"$(DERIVED_FILE_DIR)/Pods-MarvelDemo-checkManifestLockResult.txt",
			);
			runOnlyForDeploymentPostprocessing = 0;
			shellPath = /bin/sh;
			shellScript = "diff \"${PODS_PODFILE_DIR_PATH}/Podfile.lock\" \"${PODS_ROOT}/Manifest.lock\" > /dev/null\nif [ $? != 0 ] ; then\n    # print error to STDERR\n    echo \"error: The sandbox is not in sync with the Podfile.lock. Run 'pod install' or update your CocoaPods installation.\" >&2\n    exit 1\nfi\n# This output is used by Xcode 'outputs' to avoid re-running this script phase.\necho \"SUCCESS\" > \"${SCRIPT_OUTPUT_FILE_0}\"\n";
			showEnvVarsInLog = 0;
		};
/* End PBXShellScriptBuildPhase section */

/* Begin PBXSourcesBuildPhase section */
		04D471AD25362C7A000015A2 /* Sources */ = {
			isa = PBXSourcesBuildPhase;
			buildActionMask = 2147483647;
			files = (
				04D471E725362FBE000015A2 /* MarvelAPI.swift in Sources */,
				04D471E125362FBE000015A2 /* CharactersViewModel.swift in Sources */,
				04D471DF25362FBE000015A2 /* CharactersViewControllers.swift in Sources */,
				04D471DD25362FBE000015A2 /* CharacterGridViewCell.swift in Sources */,
				04D471E025362FBE000015A2 /* MarvelDemoViewController.swift in Sources */,
				04D471E625362FBE000015A2 /* CharactersResponse.swift in Sources */,
				04D471E325362FBE000015A2 /* MarvelCharacter.swift in Sources */,
				04D471E525362FBE000015A2 /* String+md5.swift in Sources */,
				04D471DC25362FBE000015A2 /* AppDelegate.swift in Sources */,
				04D471E425362FBE000015A2 /* CharactersMockViewModel.swift in Sources */,
				04D471DE25362FBE000015A2 /* CharacterListViewCell.swift in Sources */,
			);
			runOnlyForDeploymentPostprocessing = 0;
		};
/* End PBXSourcesBuildPhase section */

/* Begin XCBuildConfiguration section */
		04D471C125362C80000015A2 /* Debug */ = {
			isa = XCBuildConfiguration;
			buildSettings = {
				ALWAYS_SEARCH_USER_PATHS = NO;
				CLANG_ANALYZER_NONNULL = YES;
				CLANG_ANALYZER_NUMBER_OBJECT_CONVERSION = YES_AGGRESSIVE;
				CLANG_CXX_LANGUAGE_STANDARD = "gnu++14";
				CLANG_CXX_LIBRARY = "libc++";
				CLANG_ENABLE_MODULES = YES;
				CLANG_ENABLE_OBJC_ARC = YES;
				CLANG_ENABLE_OBJC_WEAK = YES;
				CLANG_WARN_BLOCK_CAPTURE_AUTORELEASING = YES;
				CLANG_WARN_BOOL_CONVERSION = YES;
				CLANG_WARN_COMMA = YES;
				CLANG_WARN_CONSTANT_CONVERSION = YES;
				CLANG_WARN_DEPRECATED_OBJC_IMPLEMENTATIONS = YES;
				CLANG_WARN_DIRECT_OBJC_ISA_USAGE = YES_ERROR;
				CLANG_WARN_DOCUMENTATION_COMMENTS = YES;
				CLANG_WARN_EMPTY_BODY = YES;
				CLANG_WARN_ENUM_CONVERSION = YES;
				CLANG_WARN_INFINITE_RECURSION = YES;
				CLANG_WARN_INT_CONVERSION = YES;
				CLANG_WARN_NON_LITERAL_NULL_CONVERSION = YES;
				CLANG_WARN_OBJC_IMPLICIT_RETAIN_SELF = YES;
				CLANG_WARN_OBJC_LITERAL_CONVERSION = YES;
				CLANG_WARN_OBJC_ROOT_CLASS = YES_ERROR;
				CLANG_WARN_QUOTED_INCLUDE_IN_FRAMEWORK_HEADER = YES;
				CLANG_WARN_RANGE_LOOP_ANALYSIS = YES;
				CLANG_WARN_STRICT_PROTOTYPES = YES;
				CLANG_WARN_SUSPICIOUS_MOVE = YES;
				CLANG_WARN_UNGUARDED_AVAILABILITY = YES_AGGRESSIVE;
				CLANG_WARN_UNREACHABLE_CODE = YES;
				CLANG_WARN__DUPLICATE_METHOD_MATCH = YES;
				CODE_SIGN_IDENTITY = "iPhone Developer";
				COPY_PHASE_STRIP = NO;
				DEBUG_INFORMATION_FORMAT = dwarf;
				ENABLE_STRICT_OBJC_MSGSEND = YES;
				ENABLE_TESTABILITY = YES;
				GCC_C_LANGUAGE_STANDARD = gnu11;
				GCC_DYNAMIC_NO_PIC = NO;
				GCC_NO_COMMON_BLOCKS = YES;
				GCC_OPTIMIZATION_LEVEL = 0;
				GCC_PREPROCESSOR_DEFINITIONS = (
					"DEBUG=1",
					"$(inherited)",
				);
				GCC_WARN_64_TO_32_BIT_CONVERSION = YES;
				GCC_WARN_ABOUT_RETURN_TYPE = YES_ERROR;
				GCC_WARN_UNDECLARED_SELECTOR = YES;
				GCC_WARN_UNINITIALIZED_AUTOS = YES_AGGRESSIVE;
				GCC_WARN_UNUSED_FUNCTION = YES;
				GCC_WARN_UNUSED_VARIABLE = YES;
				IPHONEOS_DEPLOYMENT_TARGET = 12.0;
				MTL_ENABLE_DEBUG_INFO = INCLUDE_SOURCE;
				MTL_FAST_MATH = YES;
				ONLY_ACTIVE_ARCH = YES;
				SDKROOT = iphoneos;
				SWIFT_ACTIVE_COMPILATION_CONDITIONS = DEBUG;
				SWIFT_OPTIMIZATION_LEVEL = "-Onone";
			};
			name = Debug;
		};
		04D471C225362C80000015A2 /* Release */ = {
			isa = XCBuildConfiguration;
			buildSettings = {
				ALWAYS_SEARCH_USER_PATHS = NO;
				CLANG_ANALYZER_NONNULL = YES;
				CLANG_ANALYZER_NUMBER_OBJECT_CONVERSION = YES_AGGRESSIVE;
				CLANG_CXX_LANGUAGE_STANDARD = "gnu++14";
				CLANG_CXX_LIBRARY = "libc++";
				CLANG_ENABLE_MODULES = YES;
				CLANG_ENABLE_OBJC_ARC = YES;
				CLANG_ENABLE_OBJC_WEAK = YES;
				CLANG_WARN_BLOCK_CAPTURE_AUTORELEASING = YES;
				CLANG_WARN_BOOL_CONVERSION = YES;
				CLANG_WARN_COMMA = YES;
				CLANG_WARN_CONSTANT_CONVERSION = YES;
				CLANG_WARN_DEPRECATED_OBJC_IMPLEMENTATIONS = YES;
				CLANG_WARN_DIRECT_OBJC_ISA_USAGE = YES_ERROR;
				CLANG_WARN_DOCUMENTATION_COMMENTS = YES;
				CLANG_WARN_EMPTY_BODY = YES;
				CLANG_WARN_ENUM_CONVERSION = YES;
				CLANG_WARN_INFINITE_RECURSION = YES;
				CLANG_WARN_INT_CONVERSION = YES;
				CLANG_WARN_NON_LITERAL_NULL_CONVERSION = YES;
				CLANG_WARN_OBJC_IMPLICIT_RETAIN_SELF = YES;
				CLANG_WARN_OBJC_LITERAL_CONVERSION = YES;
				CLANG_WARN_OBJC_ROOT_CLASS = YES_ERROR;
				CLANG_WARN_QUOTED_INCLUDE_IN_FRAMEWORK_HEADER = YES;
				CLANG_WARN_RANGE_LOOP_ANALYSIS = YES;
				CLANG_WARN_STRICT_PROTOTYPES = YES;
				CLANG_WARN_SUSPICIOUS_MOVE = YES;
				CLANG_WARN_UNGUARDED_AVAILABILITY = YES_AGGRESSIVE;
				CLANG_WARN_UNREACHABLE_CODE = YES;
				CLANG_WARN__DUPLICATE_METHOD_MATCH = YES;
				CODE_SIGN_IDENTITY = "iPhone Developer";
				COPY_PHASE_STRIP = NO;
				DEBUG_INFORMATION_FORMAT = "dwarf-with-dsym";
				ENABLE_NS_ASSERTIONS = NO;
				ENABLE_STRICT_OBJC_MSGSEND = YES;
				GCC_C_LANGUAGE_STANDARD = gnu11;
				GCC_NO_COMMON_BLOCKS = YES;
				GCC_WARN_64_TO_32_BIT_CONVERSION = YES;
				GCC_WARN_ABOUT_RETURN_TYPE = YES_ERROR;
				GCC_WARN_UNDECLARED_SELECTOR = YES;
				GCC_WARN_UNINITIALIZED_AUTOS = YES_AGGRESSIVE;
				GCC_WARN_UNUSED_FUNCTION = YES;
				GCC_WARN_UNUSED_VARIABLE = YES;
				IPHONEOS_DEPLOYMENT_TARGET = 12.0;
				MTL_ENABLE_DEBUG_INFO = NO;
				MTL_FAST_MATH = YES;
				SDKROOT = iphoneos;
				SWIFT_COMPILATION_MODE = wholemodule;
				SWIFT_OPTIMIZATION_LEVEL = "-O";
				VALIDATE_PRODUCT = YES;
			};
			name = Release;
		};
		04D471C425362C80000015A2 /* Debug */ = {
			isa = XCBuildConfiguration;
			baseConfigurationReference = 5729EE3F386BEA4C72961D53 /* Pods-MarvelDemo.debug.xcconfig */;
			buildSettings = {
				ASSETCATALOG_COMPILER_APPICON_NAME = AppIcon;
				CLANG_ENABLE_MODULES = YES;
				CODE_SIGN_STYLE = Automatic;
				INFOPLIST_FILE = "$(SRCROOT)/MarvelDemo/Resources/Info.plist";
				LD_RUNPATH_SEARCH_PATHS = (
					"$(inherited)",
					"@executable_path/Frameworks",
				);
				PRODUCT_BUNDLE_IDENTIFIER = com.victormarcias.MarvelDemo;
				PRODUCT_NAME = "$(TARGET_NAME)";
				SWIFT_OPTIMIZATION_LEVEL = "-Onone";
				SWIFT_VERSION = 5.0;
				TARGETED_DEVICE_FAMILY = "1,2";
			};
			name = Debug;
		};
		04D471C525362C80000015A2 /* Release */ = {
			isa = XCBuildConfiguration;
			baseConfigurationReference = E2C22EE69F22464D5F28A3C2 /* Pods-MarvelDemo.release.xcconfig */;
			buildSettings = {
				ASSETCATALOG_COMPILER_APPICON_NAME = AppIcon;
				CLANG_ENABLE_MODULES = YES;
				CODE_SIGN_STYLE = Automatic;
				INFOPLIST_FILE = "$(SRCROOT)/MarvelDemo/Resources/Info.plist";
				LD_RUNPATH_SEARCH_PATHS = (
					"$(inherited)",
					"@executable_path/Frameworks",
				);
				PRODUCT_BUNDLE_IDENTIFIER = com.victormarcias.MarvelDemo;
				PRODUCT_NAME = "$(TARGET_NAME)";
				SWIFT_VERSION = 5.0;
				TARGETED_DEVICE_FAMILY = "1,2";
			};
			name = Release;
		};
/* End XCBuildConfiguration section */

/* Begin XCConfigurationList section */
		04D471AC25362C7A000015A2 /* Build configuration list for PBXProject "MarvelDemo" */ = {
			isa = XCConfigurationList;
			buildConfigurations = (
				04D471C125362C80000015A2 /* Debug */,
				04D471C225362C80000015A2 /* Release */,
			);
			defaultConfigurationIsVisible = 0;
			defaultConfigurationName = Release;
		};
		04D471C325362C80000015A2 /* Build configuration list for PBXNativeTarget "MarvelDemo" */ = {
			isa = XCConfigurationList;
			buildConfigurations = (
				04D471C425362C80000015A2 /* Debug */,
				04D471C525362C80000015A2 /* Release */,
			);
			defaultConfigurationIsVisible = 0;
			defaultConfigurationName = Release;
		};
/* End XCConfigurationList section */
	};
	rootObject = 04D471A925362C7A000015A2 /* Project object */;
}
