// !$*UTF8*$!
{
	archiveVersion = 1;
	classes = {
	};
	objectVersion = 50;
	objects = {

/* Begin PBXBuildFile section */
		04180D1F2535282600341274 /* CharacterListViewCell.swift in Sources */ = {isa = PBXBuildFile; fileRef = 04180D1D2535282500341274 /* CharacterListViewCell.swift */; };
		04180D212535286500341274 /* MarvelDemoViewController.swift in Sources */ = {isa = PBXBuildFile; fileRef = 04180D202535286500341274 /* MarvelDemoViewController.swift */; };
		044ED6072534C31B00D35E27 /* CharactersMockViewModel.swift in Sources */ = {isa = PBXBuildFile; fileRef = 044ED6062534C31B00D35E27 /* CharactersMockViewModel.swift */; };
		04CDE91C2535E775007BDF04 /* Default-568h@2x.png in Resources */ = {isa = PBXBuildFile; fileRef = 04CDE91B2535E775007BDF04 /* Default-568h@2x.png */; };
		6D0997132293F3B200D136A1 /* CharactersResponse.swift in Sources */ = {isa = PBXBuildFile; fileRef = 6D0997122293F3B200D136A1 /* CharactersResponse.swift */; };
		6D0997152293F3ED00D136A1 /* MarvelCharacter.swift in Sources */ = {isa = PBXBuildFile; fileRef = 6D0997142293F3ED00D136A1 /* MarvelCharacter.swift */; };
		6D626D5222805488004016DE /* MarvelCharacters.json in Resources */ = {isa = PBXBuildFile; fileRef = 6D626D5122805488004016DE /* MarvelCharacters.json */; };
		6D648B4F2276F1500098EBB9 /* CharacterGridViewCell.swift in Sources */ = {isa = PBXBuildFile; fileRef = 6D648B4E2276F1500098EBB9 /* CharacterGridViewCell.swift */; };
		6DCA727A226F06C800B9424F /* AppDelegate.swift in Sources */ = {isa = PBXBuildFile; fileRef = 6DCA7279226F06C800B9424F /* AppDelegate.swift */; };
		6DCA7281226F06C900B9424F /* Assets.xcassets in Resources */ = {isa = PBXBuildFile; fileRef = 6DCA7280226F06C900B9424F /* Assets.xcassets */; };
		6DCA72B2226F0AE200B9424F /* MarvelAPI.swift in Sources */ = {isa = PBXBuildFile; fileRef = 6DCA72B0226F0AE200B9424F /* MarvelAPI.swift */; };
		6DCA72B5226F0BBB00B9424F /* CharactersViewModel.swift in Sources */ = {isa = PBXBuildFile; fileRef = 6DCA72B4226F0BBB00B9424F /* CharactersViewModel.swift */; };
		6DCA72B7226F0C4200B9424F /* String+md5.swift in Sources */ = {isa = PBXBuildFile; fileRef = 6DCA72B6226F0C4200B9424F /* String+md5.swift */; };
		6DCA72C2226F519B00B9424F /* CharactersViewControllers.swift in Sources */ = {isa = PBXBuildFile; fileRef = 6DCA72C1226F519B00B9424F /* CharactersViewControllers.swift */; };
		AE1D899CA430F59B2D03087E /* libPods-GenericKitDemo.a in Frameworks */ = {isa = PBXBuildFile; fileRef = 888C960C45370545556E48A4 /* libPods-GenericKitDemo.a */; };
/* End PBXBuildFile section */

/* Begin PBXFileReference section */
		04180D1D2535282500341274 /* CharacterListViewCell.swift */ = {isa = PBXFileReference; fileEncoding = 4; lastKnownFileType = sourcecode.swift; path = CharacterListViewCell.swift; sourceTree = "<group>"; };
		04180D202535286500341274 /* MarvelDemoViewController.swift */ = {isa = PBXFileReference; fileEncoding = 4; lastKnownFileType = sourcecode.swift; path = MarvelDemoViewController.swift; sourceTree = "<group>"; };
		044ED6062534C31B00D35E27 /* CharactersMockViewModel.swift */ = {isa = PBXFileReference; lastKnownFileType = sourcecode.swift; path = CharactersMockViewModel.swift; sourceTree = "<group>"; };
		04CDE91B2535E775007BDF04 /* Default-568h@2x.png */ = {isa = PBXFileReference; lastKnownFileType = image.png; path = "Default-568h@2x.png"; sourceTree = "<group>"; };
		4B5B9B0E47A75249DD5EFB90 /* Pods-GenericKitDemo.debug.xcconfig */ = {isa = PBXFileReference; includeInIndex = 1; lastKnownFileType = text.xcconfig; name = "Pods-GenericKitDemo.debug.xcconfig"; path = "Target Support Files/Pods-GenericKitDemo/Pods-GenericKitDemo.debug.xcconfig"; sourceTree = "<group>"; };
		6D0997122293F3B200D136A1 /* CharactersResponse.swift */ = {isa = PBXFileReference; lastKnownFileType = sourcecode.swift; path = CharactersResponse.swift; sourceTree = "<group>"; };
		6D0997142293F3ED00D136A1 /* MarvelCharacter.swift */ = {isa = PBXFileReference; lastKnownFileType = sourcecode.swift; path = MarvelCharacter.swift; sourceTree = "<group>"; };
		6D626D5122805488004016DE /* MarvelCharacters.json */ = {isa = PBXFileReference; fileEncoding = 4; lastKnownFileType = text.json; path = MarvelCharacters.json; sourceTree = "<group>"; };
		6D648B4E2276F1500098EBB9 /* CharacterGridViewCell.swift */ = {isa = PBXFileReference; lastKnownFileType = sourcecode.swift; path = CharacterGridViewCell.swift; sourceTree = "<group>"; };
		6DCA7276226F06C800B9424F /* GenericKitDemo.app */ = {isa = PBXFileReference; explicitFileType = wrapper.application; includeInIndex = 0; path = GenericKitDemo.app; sourceTree = BUILT_PRODUCTS_DIR; };
		6DCA7279226F06C800B9424F /* AppDelegate.swift */ = {isa = PBXFileReference; lastKnownFileType = sourcecode.swift; path = AppDelegate.swift; sourceTree = "<group>"; };
		6DCA7280226F06C900B9424F /* Assets.xcassets */ = {isa = PBXFileReference; lastKnownFileType = folder.assetcatalog; path = Assets.xcassets; sourceTree = "<group>"; };
		6DCA7285226F06C900B9424F /* Info.plist */ = {isa = PBXFileReference; lastKnownFileType = text.plist.xml; path = Info.plist; sourceTree = "<group>"; };
		6DCA72B0226F0AE200B9424F /* MarvelAPI.swift */ = {isa = PBXFileReference; fileEncoding = 4; lastKnownFileType = sourcecode.swift; path = MarvelAPI.swift; sourceTree = "<group>"; };
		6DCA72B4226F0BBB00B9424F /* CharactersViewModel.swift */ = {isa = PBXFileReference; lastKnownFileType = sourcecode.swift; path = CharactersViewModel.swift; sourceTree = "<group>"; };
		6DCA72B6226F0C4200B9424F /* String+md5.swift */ = {isa = PBXFileReference; fileEncoding = 4; lastKnownFileType = sourcecode.swift; path = "String+md5.swift"; sourceTree = "<group>"; };
		6DCA72C1226F519B00B9424F /* CharactersViewControllers.swift */ = {isa = PBXFileReference; lastKnownFileType = sourcecode.swift; path = CharactersViewControllers.swift; sourceTree = "<group>"; };
		7A90BBD9BB7AFCFD2FA346C5 /* Pods-GenericKitDemo.release.xcconfig */ = {isa = PBXFileReference; includeInIndex = 1; lastKnownFileType = text.xcconfig; name = "Pods-GenericKitDemo.release.xcconfig"; path = "Target Support Files/Pods-GenericKitDemo/Pods-GenericKitDemo.release.xcconfig"; sourceTree = "<group>"; };
		888C960C45370545556E48A4 /* libPods-GenericKitDemo.a */ = {isa = PBXFileReference; explicitFileType = archive.ar; includeInIndex = 0; path = "libPods-GenericKitDemo.a"; sourceTree = BUILT_PRODUCTS_DIR; };
/* End PBXFileReference section */

/* Begin PBXFrameworksBuildPhase section */
		6DCA7273226F06C800B9424F /* Frameworks */ = {
			isa = PBXFrameworksBuildPhase;
			buildActionMask = 2147483647;
			files = (
				AE1D899CA430F59B2D03087E /* libPods-GenericKitDemo.a in Frameworks */,
			);
			runOnlyForDeploymentPostprocessing = 0;
		};
/* End PBXFrameworksBuildPhase section */

/* Begin PBXGroup section */
		34BD4EDF521D196632DB23AB /* Pods */ = {
			isa = PBXGroup;
			children = (
				4B5B9B0E47A75249DD5EFB90 /* Pods-GenericKitDemo.debug.xcconfig */,
				7A90BBD9BB7AFCFD2FA346C5 /* Pods-GenericKitDemo.release.xcconfig */,
			);
			path = Pods;
			sourceTree = "<group>";
		};
		6DCA726D226F06C800B9424F = {
			isa = PBXGroup;
			children = (
				6DCA7278226F06C800B9424F /* GenericKitDemo */,
				34BD4EDF521D196632DB23AB /* Pods */,
				6DCA7277226F06C800B9424F /* Products */,
				9EC282D37579FC98D678FE8A /* Frameworks */,
			);
			sourceTree = "<group>";
		};
		6DCA7277226F06C800B9424F /* Products */ = {
			isa = PBXGroup;
			children = (
				6DCA7276226F06C800B9424F /* GenericKitDemo.app */,
			);
			name = Products;
			sourceTree = "<group>";
		};
		6DCA7278226F06C800B9424F /* GenericKitDemo */ = {
			isa = PBXGroup;
			children = (
				6DCA7279226F06C800B9424F /* AppDelegate.swift */,
				6DCA72AF226F0A8C00B9424F /* Marvel */,
				6DCA72CB2272F60E00B9424F /* Resources */,
			);
			path = GenericKitDemo;
			sourceTree = "<group>";
		};
		6DCA72AF226F0A8C00B9424F /* Marvel */ = {
			isa = PBXGroup;
			children = (
				6DCA72B8226F0EB200B9424F /* API */,
				6DCA72BB226F312C00B9424F /* UI */,
			);
			path = Marvel;
			sourceTree = "<group>";
		};
		6DCA72B8226F0EB200B9424F /* API */ = {
			isa = PBXGroup;
			children = (
				044ED6062534C31B00D35E27 /* CharactersMockViewModel.swift */,
				6D0997122293F3B200D136A1 /* CharactersResponse.swift */,
				6DCA72B4226F0BBB00B9424F /* CharactersViewModel.swift */,
				6DCA72B0226F0AE200B9424F /* MarvelAPI.swift */,
				6D0997142293F3ED00D136A1 /* MarvelCharacter.swift */,
				6D626D5122805488004016DE /* MarvelCharacters.json */,
				6DCA72B6226F0C4200B9424F /* String+md5.swift */,
			);
			path = API;
			sourceTree = "<group>";
		};
		6DCA72BB226F312C00B9424F /* UI */ = {
			isa = PBXGroup;
			children = (
				6D648B4E2276F1500098EBB9 /* CharacterGridViewCell.swift */,
				04180D1D2535282500341274 /* CharacterListViewCell.swift */,
				6DCA72C1226F519B00B9424F /* CharactersViewControllers.swift */,
				04180D202535286500341274 /* MarvelDemoViewController.swift */,
			);
			path = UI;
			sourceTree = "<group>";
		};
		6DCA72CB2272F60E00B9424F /* Resources */ = {
			isa = PBXGroup;
			children = (
				6DCA7280226F06C900B9424F /* Assets.xcassets */,
				04CDE91B2535E775007BDF04 /* Default-568h@2x.png */,
				6DCA7285226F06C900B9424F /* Info.plist */,
			);
			path = Resources;
			sourceTree = "<group>";
		};
		9EC282D37579FC98D678FE8A /* Frameworks */ = {
			isa = PBXGroup;
			children = (
				888C960C45370545556E48A4 /* libPods-GenericKitDemo.a */,
			);
			name = Frameworks;
			sourceTree = "<group>";
		};
/* End PBXGroup section */

/* Begin PBXNativeTarget section */
		6DCA7275226F06C800B9424F /* GenericKitDemo */ = {
			isa = PBXNativeTarget;
			buildConfigurationList = 6DCA7288226F06C900B9424F /* Build configuration list for PBXNativeTarget "GenericKitDemo" */;
			buildPhases = (
				F63E62AEE258E95DE85E9D58 /* [CP] Check Pods Manifest.lock */,
				6DCA7272226F06C800B9424F /* Sources */,
				6DCA7273226F06C800B9424F /* Frameworks */,
				6DCA7274226F06C800B9424F /* Resources */,
			);
			buildRules = (
			);
			dependencies = (
			);
			name = GenericKitDemo;
			productName = GenericKitDemo;
			productReference = 6DCA7276226F06C800B9424F /* GenericKitDemo.app */;
			productType = "com.apple.product-type.application";
		};
/* End PBXNativeTarget section */

/* Begin PBXProject section */
		6DCA726E226F06C800B9424F /* Project object */ = {
			isa = PBXProject;
			attributes = {
				LastSwiftUpdateCheck = 1010;
				LastUpgradeCheck = 1010;
				ORGANIZATIONNAME = "Victor Marcias";
				TargetAttributes = {
					6DCA7275226F06C800B9424F = {
						CreatedOnToolsVersion = 10.1;
					};
				};
			};
			buildConfigurationList = 6DCA7271226F06C800B9424F /* Build configuration list for PBXProject "GenericKitDemo" */;
			compatibilityVersion = "Xcode 9.3";
			developmentRegion = en;
			hasScannedForEncodings = 0;
			knownRegions = (
				en,
				Base,
			);
			mainGroup = 6DCA726D226F06C800B9424F;
			productRefGroup = 6DCA7277226F06C800B9424F /* Products */;
			projectDirPath = "";
			projectRoot = "";
			targets = (
				6DCA7275226F06C800B9424F /* GenericKitDemo */,
			);
		};
/* End PBXProject section */

/* Begin PBXResourcesBuildPhase section */
		6DCA7274226F06C800B9424F /* Resources */ = {
			isa = PBXResourcesBuildPhase;
			buildActionMask = 2147483647;
			files = (
				6DCA7281226F06C900B9424F /* Assets.xcassets in Resources */,
				6D626D5222805488004016DE /* MarvelCharacters.json in Resources */,
				04CDE91C2535E775007BDF04 /* Default-568h@2x.png in Resources */,
			);
			runOnlyForDeploymentPostprocessing = 0;
		};
/* End PBXResourcesBuildPhase section */

/* Begin PBXShellScriptBuildPhase section */
		F63E62AEE258E95DE85E9D58 /* [CP] Check Pods Manifest.lock */ = {
			isa = PBXShellScriptBuildPhase;
			buildActionMask = 2147483647;
			files = (
			);
			inputFileListPaths = (
			);
			inputPaths = (
				"${PODS_PODFILE_DIR_PATH}/Podfile.lock",
				"${PODS_ROOT}/Manifest.lock",
			);
			name = "[CP] Check Pods Manifest.lock";
			outputFileListPaths = (
			);
			outputPaths = (
				"$(DERIVED_FILE_DIR)/Pods-GenericKitDemo-checkManifestLockResult.txt",
			);
			runOnlyForDeploymentPostprocessing = 0;
			shellPath = /bin/sh;
			shellScript = "diff \"${PODS_PODFILE_DIR_PATH}/Podfile.lock\" \"${PODS_ROOT}/Manifest.lock\" > /dev/null\nif [ $? != 0 ] ; then\n    # print error to STDERR\n    echo \"error: The sandbox is not in sync with the Podfile.lock. Run 'pod install' or update your CocoaPods installation.\" >&2\n    exit 1\nfi\n# This output is used by Xcode 'outputs' to avoid re-running this script phase.\necho \"SUCCESS\" > \"${SCRIPT_OUTPUT_FILE_0}\"\n";
			showEnvVarsInLog = 0;
		};
/* End PBXShellScriptBuildPhase section */

/* Begin PBXSourcesBuildPhase section */
		6DCA7272226F06C800B9424F /* Sources */ = {
			isa = PBXSourcesBuildPhase;
			buildActionMask = 2147483647;
			files = (
				6DCA72B2226F0AE200B9424F /* MarvelAPI.swift in Sources */,
				04180D1F2535282600341274 /* CharacterListViewCell.swift in Sources */,
				044ED6072534C31B00D35E27 /* CharactersMockViewModel.swift in Sources */,
				6D0997152293F3ED00D136A1 /* MarvelCharacter.swift in Sources */,
				6DCA72B5226F0BBB00B9424F /* CharactersViewModel.swift in Sources */,
				6DCA72C2226F519B00B9424F /* CharactersViewControllers.swift in Sources */,
				6DCA72B7226F0C4200B9424F /* String+md5.swift in Sources */,
				04180D212535286500341274 /* MarvelDemoViewController.swift in Sources */,
				6D648B4F2276F1500098EBB9 /* CharacterGridViewCell.swift in Sources */,
				6DCA727A226F06C800B9424F /* AppDelegate.swift in Sources */,
				6D0997132293F3B200D136A1 /* CharactersResponse.swift in Sources */,
			);
			runOnlyForDeploymentPostprocessing = 0;
		};
/* End PBXSourcesBuildPhase section */

/* Begin XCBuildConfiguration section */
		6DCA7286226F06C900B9424F /* Debug */ = {
			isa = XCBuildConfiguration;
			buildSettings = {
				ALWAYS_SEARCH_USER_PATHS = NO;
				CLANG_ANALYZER_NONNULL = YES;
				CLANG_ANALYZER_NUMBER_OBJECT_CONVERSION = YES_AGGRESSIVE;
				CLANG_CXX_LANGUAGE_STANDARD = "gnu++14";
				CLANG_CXX_LIBRARY = "libc++";
				CLANG_ENABLE_MODULES = YES;
				CLANG_ENABLE_OBJC_ARC = YES;
				CLANG_ENABLE_OBJC_WEAK = YES;
				CLANG_WARN_BLOCK_CAPTURE_AUTORELEASING = YES;
				CLANG_WARN_BOOL_CONVERSION = YES;
				CLANG_WARN_COMMA = YES;
				CLANG_WARN_CONSTANT_CONVERSION = YES;
				CLANG_WARN_DEPRECATED_OBJC_IMPLEMENTATIONS = YES;
				CLANG_WARN_DIRECT_OBJC_ISA_USAGE = YES_ERROR;
				CLANG_WARN_DOCUMENTATION_COMMENTS = YES;
				CLANG_WARN_EMPTY_BODY = YES;
				CLANG_WARN_ENUM_CONVERSION = YES;
				CLANG_WARN_INFINITE_RECURSION = YES;
				CLANG_WARN_INT_CONVERSION = YES;
				CLANG_WARN_NON_LITERAL_NULL_CONVERSION = YES;
				CLANG_WARN_OBJC_IMPLICIT_RETAIN_SELF = YES;
				CLANG_WARN_OBJC_LITERAL_CONVERSION = YES;
				CLANG_WARN_OBJC_ROOT_CLASS = YES_ERROR;
				CLANG_WARN_RANGE_LOOP_ANALYSIS = YES;
				CLANG_WARN_STRICT_PROTOTYPES = YES;
				CLANG_WARN_SUSPICIOUS_MOVE = YES;
				CLANG_WARN_UNGUARDED_AVAILABILITY = YES_AGGRESSIVE;
				CLANG_WARN_UNREACHABLE_CODE = YES;
				CLANG_WARN__DUPLICATE_METHOD_MATCH = YES;
				CODE_SIGN_IDENTITY = "iPhone Developer";
				COPY_PHASE_STRIP = NO;
				DEBUG_INFORMATION_FORMAT = dwarf;
				ENABLE_STRICT_OBJC_MSGSEND = YES;
				ENABLE_TESTABILITY = YES;
				GCC_C_LANGUAGE_STANDARD = gnu11;
				GCC_DYNAMIC_NO_PIC = NO;
				GCC_NO_COMMON_BLOCKS = YES;
				GCC_OPTIMIZATION_LEVEL = 0;
				GCC_PREPROCESSOR_DEFINITIONS = (
					"DEBUG=1",
					"$(inherited)",
				);
				GCC_WARN_64_TO_32_BIT_CONVERSION = YES;
				GCC_WARN_ABOUT_RETURN_TYPE = YES_ERROR;
				GCC_WARN_UNDECLARED_SELECTOR = YES;
				GCC_WARN_UNINITIALIZED_AUTOS = YES_AGGRESSIVE;
				GCC_WARN_UNUSED_FUNCTION = YES;
				GCC_WARN_UNUSED_VARIABLE = YES;
				IPHONEOS_DEPLOYMENT_TARGET = 9.0;
				MTL_ENABLE_DEBUG_INFO = INCLUDE_SOURCE;
				MTL_FAST_MATH = YES;
				ONLY_ACTIVE_ARCH = YES;
				SDKROOT = iphoneos;
				SWIFT_ACTIVE_COMPILATION_CONDITIONS = DEBUG;
				SWIFT_OPTIMIZATION_LEVEL = "-Onone";
			};
			name = Debug;
		};
		6DCA7287226F06C900B9424F /* Release */ = {
			isa = XCBuildConfiguration;
			buildSettings = {
				ALWAYS_SEARCH_USER_PATHS = NO;
				CLANG_ANALYZER_NONNULL = YES;
				CLANG_ANALYZER_NUMBER_OBJECT_CONVERSION = YES_AGGRESSIVE;
				CLANG_CXX_LANGUAGE_STANDARD = "gnu++14";
				CLANG_CXX_LIBRARY = "libc++";
				CLANG_ENABLE_MODULES = YES;
				CLANG_ENABLE_OBJC_ARC = YES;
				CLANG_ENABLE_OBJC_WEAK = YES;
				CLANG_WARN_BLOCK_CAPTURE_AUTORELEASING = YES;
				CLANG_WARN_BOOL_CONVERSION = YES;
				CLANG_WARN_COMMA = YES;
				CLANG_WARN_CONSTANT_CONVERSION = YES;
				CLANG_WARN_DEPRECATED_OBJC_IMPLEMENTATIONS = YES;
				CLANG_WARN_DIRECT_OBJC_ISA_USAGE = YES_ERROR;
				CLANG_WARN_DOCUMENTATION_COMMENTS = YES;
				CLANG_WARN_EMPTY_BODY = YES;
				CLANG_WARN_ENUM_CONVERSION = YES;
				CLANG_WARN_INFINITE_RECURSION = YES;
				CLANG_WARN_INT_CONVERSION = YES;
				CLANG_WARN_NON_LITERAL_NULL_CONVERSION = YES;
				CLANG_WARN_OBJC_IMPLICIT_RETAIN_SELF = YES;
				CLANG_WARN_OBJC_LITERAL_CONVERSION = YES;
				CLANG_WARN_OBJC_ROOT_CLASS = YES_ERROR;
				CLANG_WARN_RANGE_LOOP_ANALYSIS = YES;
				CLANG_WARN_STRICT_PROTOTYPES = YES;
				CLANG_WARN_SUSPICIOUS_MOVE = YES;
				CLANG_WARN_UNGUARDED_AVAILABILITY = YES_AGGRESSIVE;
				CLANG_WARN_UNREACHABLE_CODE = YES;
				CLANG_WARN__DUPLICATE_METHOD_MATCH = YES;
				CODE_SIGN_IDENTITY = "iPhone Developer";
				COPY_PHASE_STRIP = NO;
				DEBUG_INFORMATION_FORMAT = "dwarf-with-dsym";
				ENABLE_NS_ASSERTIONS = NO;
				ENABLE_STRICT_OBJC_MSGSEND = YES;
				GCC_C_LANGUAGE_STANDARD = gnu11;
				GCC_NO_COMMON_BLOCKS = YES;
				GCC_WARN_64_TO_32_BIT_CONVERSION = YES;
				GCC_WARN_ABOUT_RETURN_TYPE = YES_ERROR;
				GCC_WARN_UNDECLARED_SELECTOR = YES;
				GCC_WARN_UNINITIALIZED_AUTOS = YES_AGGRESSIVE;
				GCC_WARN_UNUSED_FUNCTION = YES;
				GCC_WARN_UNUSED_VARIABLE = YES;
				IPHONEOS_DEPLOYMENT_TARGET = 9.0;
				MTL_ENABLE_DEBUG_INFO = NO;
				MTL_FAST_MATH = YES;
				SDKROOT = iphoneos;
				SWIFT_COMPILATION_MODE = wholemodule;
				SWIFT_OPTIMIZATION_LEVEL = "-O";
				VALIDATE_PRODUCT = YES;
			};
			name = Release;
		};
		6DCA7289226F06C900B9424F /* Debug */ = {
			isa = XCBuildConfiguration;
			baseConfigurationReference = 4B5B9B0E47A75249DD5EFB90 /* Pods-GenericKitDemo.debug.xcconfig */;
			buildSettings = {
				ASSETCATALOG_COMPILER_APPICON_NAME = AppIcon;
				CODE_SIGN_STYLE = Manual;
				DEVELOPMENT_TEAM = "";
				INFOPLIST_FILE = GenericKitDemo/Resources/Info.plist;
				IPHONEOS_DEPLOYMENT_TARGET = 9.0;
				LD_RUNPATH_SEARCH_PATHS = (
					"$(inherited)",
					"@executable_path/Frameworks",
				);
				PRODUCT_BUNDLE_IDENTIFIER = com.victormarcias.GenericKitDemo;
				PRODUCT_NAME = "$(TARGET_NAME)";
				PROVISIONING_PROFILE_SPECIFIER = "";
				SWIFT_VERSION = 4.2;
				TARGETED_DEVICE_FAMILY = "1,2";
			};
			name = Debug;
		};
		6DCA728A226F06C900B9424F /* Release */ = {
			isa = XCBuildConfiguration;
			baseConfigurationReference = 7A90BBD9BB7AFCFD2FA346C5 /* Pods-GenericKitDemo.release.xcconfig */;
			buildSettings = {
				ASSETCATALOG_COMPILER_APPICON_NAME = AppIcon;
				CODE_SIGN_STYLE = Manual;
				DEVELOPMENT_TEAM = "";
				INFOPLIST_FILE = GenericKitDemo/Resources/Info.plist;
				IPHONEOS_DEPLOYMENT_TARGET = 9.0;
				LD_RUNPATH_SEARCH_PATHS = (
					"$(inherited)",
					"@executable_path/Frameworks",
				);
				PRODUCT_BUNDLE_IDENTIFIER = com.victormarcias.GenericKitDemo;
				PRODUCT_NAME = "$(TARGET_NAME)";
				PROVISIONING_PROFILE_SPECIFIER = "";
				SWIFT_VERSION = 4.2;
				TARGETED_DEVICE_FAMILY = "1,2";
			};
			name = Release;
		};
/* End XCBuildConfiguration section */

/* Begin XCConfigurationList section */
		6DCA7271226F06C800B9424F /* Build configuration list for PBXProject "GenericKitDemo" */ = {
			isa = XCConfigurationList;
			buildConfigurations = (
				6DCA7286226F06C900B9424F /* Debug */,
				6DCA7287226F06C900B9424F /* Release */,
			);
			defaultConfigurationIsVisible = 0;
			defaultConfigurationName = Release;
		};
		6DCA7288226F06C900B9424F /* Build configuration list for PBXNativeTarget "GenericKitDemo" */ = {
			isa = XCConfigurationList;
			buildConfigurations = (
				6DCA7289226F06C900B9424F /* Debug */,
				6DCA728A226F06C900B9424F /* Release */,
			);
			defaultConfigurationIsVisible = 0;
			defaultConfigurationName = Release;
		};
/* End XCConfigurationList section */
	};
	rootObject = 6DCA726E226F06C800B9424F /* Project object */;
}
