// !$*UTF8*$!
{
	archiveVersion = 1;
	classes = {
	};
	objectVersion = 50;
	objects = {

/* Begin PBXBuildFile section */
		6D648B4F2276F1500098EBB9 /* MarvelCharacterGridViewCell.swift in Sources */ = {isa = PBXBuildFile; fileRef = 6D648B4E2276F1500098EBB9 /* MarvelCharacterGridViewCell.swift */; };
		6D648B52227721930098EBB9 /* ImageView.swift in Sources */ = {isa = PBXBuildFile; fileRef = 6D648B51227721930098EBB9 /* ImageView.swift */; };
		6DCA727A226F06C800B9424F /* AppDelegate.swift in Sources */ = {isa = PBXBuildFile; fileRef = 6DCA7279226F06C800B9424F /* AppDelegate.swift */; };
		6DCA7281226F06C900B9424F /* Assets.xcassets in Resources */ = {isa = PBXBuildFile; fileRef = 6DCA7280226F06C900B9424F /* Assets.xcassets */; };
		6DCA7284226F06C900B9424F /* LaunchScreen.storyboard in Resources */ = {isa = PBXBuildFile; fileRef = 6DCA7282226F06C900B9424F /* LaunchScreen.storyboard */; };
		6DCA72A2226F07A600B9424F /* CenteredLoadingView.swift in Sources */ = {isa = PBXBuildFile; fileRef = 6DCA728E226F07A600B9424F /* CenteredLoadingView.swift */; };
		6DCA72A3226F07A600B9424F /* LoadingView.swift in Sources */ = {isa = PBXBuildFile; fileRef = 6DCA728F226F07A600B9424F /* LoadingView.swift */; };
		6DCA72A4226F07A600B9424F /* ErrorView.swift in Sources */ = {isa = PBXBuildFile; fileRef = 6DCA7291226F07A600B9424F /* ErrorView.swift */; };
		6DCA72A5226F07A600B9424F /* BaseCollectionViewCell.swift in Sources */ = {isa = PBXBuildFile; fileRef = 6DCA7293226F07A600B9424F /* BaseCollectionViewCell.swift */; };
		6DCA72A6226F07A600B9424F /* BaseView.swift in Sources */ = {isa = PBXBuildFile; fileRef = 6DCA7294226F07A600B9424F /* BaseView.swift */; };
		6DCA72A7226F07A600B9424F /* GenericListCollectionView.swift in Sources */ = {isa = PBXBuildFile; fileRef = 6DCA7296226F07A600B9424F /* GenericListCollectionView.swift */; };
		6DCA72A8226F07A600B9424F /* GenericListViewController.swift in Sources */ = {isa = PBXBuildFile; fileRef = 6DCA7297226F07A600B9424F /* GenericListViewController.swift */; };
		6DCA72A9226F07A600B9424F /* GenericListViewable.swift in Sources */ = {isa = PBXBuildFile; fileRef = 6DCA7298226F07A600B9424F /* GenericListViewable.swift */; };
		6DCA72AB226F07A600B9424F /* UIView+Constraints.swift in Sources */ = {isa = PBXBuildFile; fileRef = 6DCA729E226F07A600B9424F /* UIView+Constraints.swift */; };
		6DCA72AC226F07A600B9424F /* EndpointResponse.swift in Sources */ = {isa = PBXBuildFile; fileRef = 6DCA72A0226F07A600B9424F /* EndpointResponse.swift */; };
		6DCA72AD226F07A600B9424F /* Endpoint.swift in Sources */ = {isa = PBXBuildFile; fileRef = 6DCA72A1226F07A600B9424F /* Endpoint.swift */; };
		6DCA72B2226F0AE200B9424F /* MarvelAPI.swift in Sources */ = {isa = PBXBuildFile; fileRef = 6DCA72B0226F0AE200B9424F /* MarvelAPI.swift */; };
		6DCA72B5226F0BBB00B9424F /* MarvelCharacters.swift in Sources */ = {isa = PBXBuildFile; fileRef = 6DCA72B4226F0BBB00B9424F /* MarvelCharacters.swift */; };
		6DCA72B7226F0C4200B9424F /* String+md5.swift in Sources */ = {isa = PBXBuildFile; fileRef = 6DCA72B6226F0C4200B9424F /* String+md5.swift */; };
		6DCA72BA226F2F0D00B9424F /* CenteredErrorView.swift in Sources */ = {isa = PBXBuildFile; fileRef = 6DCA72B9226F2F0D00B9424F /* CenteredErrorView.swift */; };
		6DCA72C0226F395900B9424F /* MarvelCharacterTableViewCell.swift in Sources */ = {isa = PBXBuildFile; fileRef = 6DCA72BF226F395900B9424F /* MarvelCharacterTableViewCell.swift */; };
		6DCA72C2226F519B00B9424F /* MarvelCharactersViewController.swift in Sources */ = {isa = PBXBuildFile; fileRef = 6DCA72C1226F519B00B9424F /* MarvelCharactersViewController.swift */; };
		6DCA72C52272F09D00B9424F /* SimpleTableViewController.swift in Sources */ = {isa = PBXBuildFile; fileRef = 6DCA72C42272F09D00B9424F /* SimpleTableViewController.swift */; };
		6DCA72C82272F46D00B9424F /* DemoSelectionViewController.swift in Sources */ = {isa = PBXBuildFile; fileRef = 6DCA72C72272F46D00B9424F /* DemoSelectionViewController.swift */; };
		6DCA72CA2272F48700B9424F /* MarvelDemoViewController.swift in Sources */ = {isa = PBXBuildFile; fileRef = 6DCA72C92272F48700B9424F /* MarvelDemoViewController.swift */; };
		6DCA72CF2273419F00B9424F /* UIImageView+URL.swift in Sources */ = {isa = PBXBuildFile; fileRef = 6DCA72CE2273419F00B9424F /* UIImageView+URL.swift */; };
		6DCA72D12276EA3B00B9424F /* GridItemView.swift in Sources */ = {isa = PBXBuildFile; fileRef = 6DCA72D02276EA3B00B9424F /* GridItemView.swift */; };
		6DCA72D32276EA5F00B9424F /* TableItemView.swift in Sources */ = {isa = PBXBuildFile; fileRef = 6DCA72D22276EA5F00B9424F /* TableItemView.swift */; };
		737818F55E0533393E971F1C /* libPods-GenericKitDemo.a in Frameworks */ = {isa = PBXBuildFile; fileRef = 70534F2AD88DB585DF51F876 /* libPods-GenericKitDemo.a */; };
/* End PBXBuildFile section */

/* Begin PBXFileReference section */
		1086E4C41A401AA42AA22821 /* Pods-GenericKitDemo.release.xcconfig */ = {isa = PBXFileReference; includeInIndex = 1; lastKnownFileType = text.xcconfig; name = "Pods-GenericKitDemo.release.xcconfig"; path = "Target Support Files/Pods-GenericKitDemo/Pods-GenericKitDemo.release.xcconfig"; sourceTree = "<group>"; };
		6D648B4E2276F1500098EBB9 /* MarvelCharacterGridViewCell.swift */ = {isa = PBXFileReference; lastKnownFileType = sourcecode.swift; path = MarvelCharacterGridViewCell.swift; sourceTree = "<group>"; };
		6D648B51227721930098EBB9 /* ImageView.swift */ = {isa = PBXFileReference; lastKnownFileType = sourcecode.swift; path = ImageView.swift; sourceTree = "<group>"; };
		6DCA7276226F06C800B9424F /* GenericKitDemo.app */ = {isa = PBXFileReference; explicitFileType = wrapper.application; includeInIndex = 0; path = GenericKitDemo.app; sourceTree = BUILT_PRODUCTS_DIR; };
		6DCA7279226F06C800B9424F /* AppDelegate.swift */ = {isa = PBXFileReference; lastKnownFileType = sourcecode.swift; path = AppDelegate.swift; sourceTree = "<group>"; };
		6DCA7280226F06C900B9424F /* Assets.xcassets */ = {isa = PBXFileReference; lastKnownFileType = folder.assetcatalog; path = Assets.xcassets; sourceTree = "<group>"; };
		6DCA7283226F06C900B9424F /* Base */ = {isa = PBXFileReference; lastKnownFileType = file.storyboard; name = Base; path = Base.lproj/LaunchScreen.storyboard; sourceTree = "<group>"; };
		6DCA7285226F06C900B9424F /* Info.plist */ = {isa = PBXFileReference; lastKnownFileType = text.plist.xml; path = Info.plist; sourceTree = "<group>"; };
		6DCA728E226F07A600B9424F /* CenteredLoadingView.swift */ = {isa = PBXFileReference; fileEncoding = 4; lastKnownFileType = sourcecode.swift; path = CenteredLoadingView.swift; sourceTree = "<group>"; };
		6DCA728F226F07A600B9424F /* LoadingView.swift */ = {isa = PBXFileReference; fileEncoding = 4; lastKnownFileType = sourcecode.swift; path = LoadingView.swift; sourceTree = "<group>"; };
		6DCA7291226F07A600B9424F /* ErrorView.swift */ = {isa = PBXFileReference; fileEncoding = 4; lastKnownFileType = sourcecode.swift; path = ErrorView.swift; sourceTree = "<group>"; };
		6DCA7293226F07A600B9424F /* BaseCollectionViewCell.swift */ = {isa = PBXFileReference; fileEncoding = 4; lastKnownFileType = sourcecode.swift; path = BaseCollectionViewCell.swift; sourceTree = "<group>"; };
		6DCA7294226F07A600B9424F /* BaseView.swift */ = {isa = PBXFileReference; fileEncoding = 4; lastKnownFileType = sourcecode.swift; path = BaseView.swift; sourceTree = "<group>"; };
		6DCA7296226F07A600B9424F /* GenericListCollectionView.swift */ = {isa = PBXFileReference; fileEncoding = 4; lastKnownFileType = sourcecode.swift; path = GenericListCollectionView.swift; sourceTree = "<group>"; };
		6DCA7297226F07A600B9424F /* GenericListViewController.swift */ = {isa = PBXFileReference; fileEncoding = 4; lastKnownFileType = sourcecode.swift; path = GenericListViewController.swift; sourceTree = "<group>"; };
		6DCA7298226F07A600B9424F /* GenericListViewable.swift */ = {isa = PBXFileReference; fileEncoding = 4; lastKnownFileType = sourcecode.swift; path = GenericListViewable.swift; sourceTree = "<group>"; };
		6DCA729E226F07A600B9424F /* UIView+Constraints.swift */ = {isa = PBXFileReference; fileEncoding = 4; lastKnownFileType = sourcecode.swift; path = "UIView+Constraints.swift"; sourceTree = "<group>"; };
		6DCA72A0226F07A600B9424F /* EndpointResponse.swift */ = {isa = PBXFileReference; fileEncoding = 4; lastKnownFileType = sourcecode.swift; path = EndpointResponse.swift; sourceTree = "<group>"; };
		6DCA72A1226F07A600B9424F /* Endpoint.swift */ = {isa = PBXFileReference; fileEncoding = 4; lastKnownFileType = sourcecode.swift; path = Endpoint.swift; sourceTree = "<group>"; };
		6DCA72B0226F0AE200B9424F /* MarvelAPI.swift */ = {isa = PBXFileReference; fileEncoding = 4; lastKnownFileType = sourcecode.swift; path = MarvelAPI.swift; sourceTree = "<group>"; };
		6DCA72B4226F0BBB00B9424F /* MarvelCharacters.swift */ = {isa = PBXFileReference; lastKnownFileType = sourcecode.swift; path = MarvelCharacters.swift; sourceTree = "<group>"; };
		6DCA72B6226F0C4200B9424F /* String+md5.swift */ = {isa = PBXFileReference; fileEncoding = 4; lastKnownFileType = sourcecode.swift; path = "String+md5.swift"; sourceTree = "<group>"; };
		6DCA72B9226F2F0D00B9424F /* CenteredErrorView.swift */ = {isa = PBXFileReference; lastKnownFileType = sourcecode.swift; path = CenteredErrorView.swift; sourceTree = "<group>"; };
		6DCA72BF226F395900B9424F /* MarvelCharacterTableViewCell.swift */ = {isa = PBXFileReference; lastKnownFileType = sourcecode.swift; path = MarvelCharacterTableViewCell.swift; sourceTree = "<group>"; };
		6DCA72C1226F519B00B9424F /* MarvelCharactersViewController.swift */ = {isa = PBXFileReference; lastKnownFileType = sourcecode.swift; path = MarvelCharactersViewController.swift; sourceTree = "<group>"; };
		6DCA72C42272F09D00B9424F /* SimpleTableViewController.swift */ = {isa = PBXFileReference; fileEncoding = 4; lastKnownFileType = sourcecode.swift; path = SimpleTableViewController.swift; sourceTree = "<group>"; };
		6DCA72C72272F46D00B9424F /* DemoSelectionViewController.swift */ = {isa = PBXFileReference; lastKnownFileType = sourcecode.swift; path = DemoSelectionViewController.swift; sourceTree = "<group>"; };
		6DCA72C92272F48700B9424F /* MarvelDemoViewController.swift */ = {isa = PBXFileReference; lastKnownFileType = sourcecode.swift; path = MarvelDemoViewController.swift; sourceTree = "<group>"; };
		6DCA72CE2273419F00B9424F /* UIImageView+URL.swift */ = {isa = PBXFileReference; lastKnownFileType = sourcecode.swift; path = "UIImageView+URL.swift"; sourceTree = "<group>"; };
		6DCA72D02276EA3B00B9424F /* GridItemView.swift */ = {isa = PBXFileReference; lastKnownFileType = sourcecode.swift; path = GridItemView.swift; sourceTree = "<group>"; };
		6DCA72D22276EA5F00B9424F /* TableItemView.swift */ = {isa = PBXFileReference; fileEncoding = 4; lastKnownFileType = sourcecode.swift; path = TableItemView.swift; sourceTree = "<group>"; };
		70534F2AD88DB585DF51F876 /* libPods-GenericKitDemo.a */ = {isa = PBXFileReference; explicitFileType = archive.ar; includeInIndex = 0; path = "libPods-GenericKitDemo.a"; sourceTree = BUILT_PRODUCTS_DIR; };
		E76C3F2F377A4B6F00E28538 /* Pods-GenericKitDemo.debug.xcconfig */ = {isa = PBXFileReference; includeInIndex = 1; lastKnownFileType = text.xcconfig; name = "Pods-GenericKitDemo.debug.xcconfig"; path = "Target Support Files/Pods-GenericKitDemo/Pods-GenericKitDemo.debug.xcconfig"; sourceTree = "<group>"; };
/* End PBXFileReference section */

/* Begin PBXFrameworksBuildPhase section */
		6DCA7273226F06C800B9424F /* Frameworks */ = {
			isa = PBXFrameworksBuildPhase;
			buildActionMask = 2147483647;
			files = (
				737818F55E0533393E971F1C /* libPods-GenericKitDemo.a in Frameworks */,
			);
			runOnlyForDeploymentPostprocessing = 0;
		};
/* End PBXFrameworksBuildPhase section */

/* Begin PBXGroup section */
		34BD4EDF521D196632DB23AB /* Pods */ = {
			isa = PBXGroup;
			children = (
				E76C3F2F377A4B6F00E28538 /* Pods-GenericKitDemo.debug.xcconfig */,
				1086E4C41A401AA42AA22821 /* Pods-GenericKitDemo.release.xcconfig */,
			);
			path = Pods;
			sourceTree = "<group>";
		};
		4B76CFD9D2D59A07AFE95A47 /* Frameworks */ = {
			isa = PBXGroup;
			children = (
				70534F2AD88DB585DF51F876 /* libPods-GenericKitDemo.a */,
			);
			name = Frameworks;
			sourceTree = "<group>";
		};
		6D648B50227721790098EBB9 /* ImageView */ = {
			isa = PBXGroup;
			children = (
				6D648B51227721930098EBB9 /* ImageView.swift */,
			);
			path = ImageView;
			sourceTree = "<group>";
		};
		6DCA726D226F06C800B9424F = {
			isa = PBXGroup;
			children = (
				6DCA728B226F07A600B9424F /* GenericKit */,
				6DCA7278226F06C800B9424F /* GenericKitDemo */,
				4B76CFD9D2D59A07AFE95A47 /* Frameworks */,
				34BD4EDF521D196632DB23AB /* Pods */,
				6DCA7277226F06C800B9424F /* Products */,
			);
			sourceTree = "<group>";
		};
		6DCA7277226F06C800B9424F /* Products */ = {
			isa = PBXGroup;
			children = (
				6DCA7276226F06C800B9424F /* GenericKitDemo.app */,
			);
			name = Products;
			sourceTree = "<group>";
		};
		6DCA7278226F06C800B9424F /* GenericKitDemo */ = {
			isa = PBXGroup;
			children = (
				6DCA7279226F06C800B9424F /* AppDelegate.swift */,
				6DCA72C62272F45200B9424F /* Main */,
				6DCA72AF226F0A8C00B9424F /* Marvel */,
				6DCA72CB2272F60E00B9424F /* Resources */,
			);
			path = GenericKitDemo;
			sourceTree = "<group>";
		};
		6DCA728B226F07A600B9424F /* GenericKit */ = {
			isa = PBXGroup;
			children = (
				6DCA729F226F07A600B9424F /* API */,
				6DCA729D226F07A600B9424F /* Extensions */,
				6DCA7295226F07A600B9424F /* GenericListView */,
				6DCA728C226F07A600B9424F /* GenericViews */,
				6DCA72C32272F09D00B9424F /* TableListView */,
			);
			name = GenericKit;
			path = ../GenericKit;
			sourceTree = "<group>";
		};
		6DCA728C226F07A600B9424F /* GenericViews */ = {
			isa = PBXGroup;
			children = (
				6DCA7292226F07A600B9424F /* Base */,
				6DCA7290226F07A600B9424F /* ErrorView */,
				6D648B50227721790098EBB9 /* ImageView */,
				6DCA72BC226F327F00B9424F /* ItemView */,
				6DCA728D226F07A600B9424F /* LoadingView */,
			);
			path = GenericViews;
			sourceTree = "<group>";
		};
		6DCA728D226F07A600B9424F /* LoadingView */ = {
			isa = PBXGroup;
			children = (
				6DCA728E226F07A600B9424F /* CenteredLoadingView.swift */,
				6DCA728F226F07A600B9424F /* LoadingView.swift */,
			);
			path = LoadingView;
			sourceTree = "<group>";
		};
		6DCA7290226F07A600B9424F /* ErrorView */ = {
			isa = PBXGroup;
			children = (
				6DCA72B9226F2F0D00B9424F /* CenteredErrorView.swift */,
				6DCA7291226F07A600B9424F /* ErrorView.swift */,
			);
			path = ErrorView;
			sourceTree = "<group>";
		};
		6DCA7292226F07A600B9424F /* Base */ = {
			isa = PBXGroup;
			children = (
				6DCA7293226F07A600B9424F /* BaseCollectionViewCell.swift */,
				6DCA7294226F07A600B9424F /* BaseView.swift */,
			);
			path = Base;
			sourceTree = "<group>";
		};
		6DCA7295226F07A600B9424F /* GenericListView */ = {
			isa = PBXGroup;
			children = (
				6DCA7296226F07A600B9424F /* GenericListCollectionView.swift */,
				6DCA7298226F07A600B9424F /* GenericListViewable.swift */,
				6DCA7297226F07A600B9424F /* GenericListViewController.swift */,
			);
			path = GenericListView;
			sourceTree = "<group>";
		};
		6DCA729D226F07A600B9424F /* Extensions */ = {
			isa = PBXGroup;
			children = (
				6DCA72CE2273419F00B9424F /* UIImageView+URL.swift */,
				6DCA729E226F07A600B9424F /* UIView+Constraints.swift */,
			);
			path = Extensions;
			sourceTree = "<group>";
		};
		6DCA729F226F07A600B9424F /* API */ = {
			isa = PBXGroup;
			children = (
				6DCA72A1226F07A600B9424F /* Endpoint.swift */,
				6DCA72A0226F07A600B9424F /* EndpointResponse.swift */,
			);
			path = API;
			sourceTree = "<group>";
		};
		6DCA72AF226F0A8C00B9424F /* Marvel */ = {
			isa = PBXGroup;
			children = (
				6DCA72B8226F0EB200B9424F /* API */,
				6DCA72BB226F312C00B9424F /* UI */,
			);
			path = Marvel;
			sourceTree = "<group>";
		};
		6DCA72B8226F0EB200B9424F /* API */ = {
			isa = PBXGroup;
			children = (
				6DCA72B0226F0AE200B9424F /* MarvelAPI.swift */,
				6DCA72B4226F0BBB00B9424F /* MarvelCharacters.swift */,
				6DCA72B6226F0C4200B9424F /* String+md5.swift */,
			);
			path = API;
			sourceTree = "<group>";
		};
		6DCA72BB226F312C00B9424F /* UI */ = {
			isa = PBXGroup;
			children = (
				6D648B4E2276F1500098EBB9 /* MarvelCharacterGridViewCell.swift */,
				6DCA72C1226F519B00B9424F /* MarvelCharactersViewController.swift */,
				6DCA72BF226F395900B9424F /* MarvelCharacterTableViewCell.swift */,
			);
			path = UI;
			sourceTree = "<group>";
		};
		6DCA72BC226F327F00B9424F /* ItemView */ = {
			isa = PBXGroup;
			children = (
				6DCA72D02276EA3B00B9424F /* GridItemView.swift */,
				6DCA72D22276EA5F00B9424F /* TableItemView.swift */,
			);
			path = ItemView;
			sourceTree = "<group>";
		};
		6DCA72C32272F09D00B9424F /* TableListView */ = {
			isa = PBXGroup;
			children = (
				6DCA72C42272F09D00B9424F /* SimpleTableViewController.swift */,
			);
			path = TableListView;
			sourceTree = "<group>";
		};
		6DCA72C62272F45200B9424F /* Main */ = {
			isa = PBXGroup;
			children = (
				6DCA72C72272F46D00B9424F /* DemoSelectionViewController.swift */,
				6DCA72C92272F48700B9424F /* MarvelDemoViewController.swift */,
			);
			path = Main;
			sourceTree = "<group>";
		};
		6DCA72CB2272F60E00B9424F /* Resources */ = {
			isa = PBXGroup;
			children = (
				6DCA7280226F06C900B9424F /* Assets.xcassets */,
				6DCA7285226F06C900B9424F /* Info.plist */,
				6DCA7282226F06C900B9424F /* LaunchScreen.storyboard */,
			);
			path = Resources;
			sourceTree = "<group>";
		};
/* End PBXGroup section */

/* Begin PBXNativeTarget section */
		6DCA7275226F06C800B9424F /* GenericKitDemo */ = {
			isa = PBXNativeTarget;
			buildConfigurationList = 6DCA7288226F06C900B9424F /* Build configuration list for PBXNativeTarget "GenericKitDemo" */;
			buildPhases = (
				A478AC89B2F95951B02BD624 /* [CP] Check Pods Manifest.lock */,
				6DCA7272226F06C800B9424F /* Sources */,
				6DCA7273226F06C800B9424F /* Frameworks */,
				6DCA7274226F06C800B9424F /* Resources */,
			);
			buildRules = (
			);
			dependencies = (
			);
			name = GenericKitDemo;
			productName = GenericKitDemo;
			productReference = 6DCA7276226F06C800B9424F /* GenericKitDemo.app */;
			productType = "com.apple.product-type.application";
		};
/* End PBXNativeTarget section */

/* Begin PBXProject section */
		6DCA726E226F06C800B9424F /* Project object */ = {
			isa = PBXProject;
			attributes = {
				LastSwiftUpdateCheck = 1010;
				LastUpgradeCheck = 1010;
				ORGANIZATIONNAME = "Victor Marcias";
				TargetAttributes = {
					6DCA7275226F06C800B9424F = {
						CreatedOnToolsVersion = 10.1;
					};
				};
			};
			buildConfigurationList = 6DCA7271226F06C800B9424F /* Build configuration list for PBXProject "GenericKitDemo" */;
			compatibilityVersion = "Xcode 9.3";
			developmentRegion = en;
			hasScannedForEncodings = 0;
			knownRegions = (
				en,
				Base,
			);
			mainGroup = 6DCA726D226F06C800B9424F;
			productRefGroup = 6DCA7277226F06C800B9424F /* Products */;
			projectDirPath = "";
			projectRoot = "";
			targets = (
				6DCA7275226F06C800B9424F /* GenericKitDemo */,
			);
		};
/* End PBXProject section */

/* Begin PBXResourcesBuildPhase section */
		6DCA7274226F06C800B9424F /* Resources */ = {
			isa = PBXResourcesBuildPhase;
			buildActionMask = 2147483647;
			files = (
				6DCA7284226F06C900B9424F /* LaunchScreen.storyboard in Resources */,
				6DCA7281226F06C900B9424F /* Assets.xcassets in Resources */,
			);
			runOnlyForDeploymentPostprocessing = 0;
		};
/* End PBXResourcesBuildPhase section */

/* Begin PBXShellScriptBuildPhase section */
		A478AC89B2F95951B02BD624 /* [CP] Check Pods Manifest.lock */ = {
			isa = PBXShellScriptBuildPhase;
			buildActionMask = 2147483647;
			files = (
			);
			inputFileListPaths = (
			);
			inputPaths = (
				"${PODS_PODFILE_DIR_PATH}/Podfile.lock",
				"${PODS_ROOT}/Manifest.lock",
			);
			name = "[CP] Check Pods Manifest.lock";
			outputFileListPaths = (
			);
			outputPaths = (
				"$(DERIVED_FILE_DIR)/Pods-GenericKitDemo-checkManifestLockResult.txt",
			);
			runOnlyForDeploymentPostprocessing = 0;
			shellPath = /bin/sh;
			shellScript = "diff \"${PODS_PODFILE_DIR_PATH}/Podfile.lock\" \"${PODS_ROOT}/Manifest.lock\" > /dev/null\nif [ $? != 0 ] ; then\n    # print error to STDERR\n    echo \"error: The sandbox is not in sync with the Podfile.lock. Run 'pod install' or update your CocoaPods installation.\" >&2\n    exit 1\nfi\n# This output is used by Xcode 'outputs' to avoid re-running this script phase.\necho \"SUCCESS\" > \"${SCRIPT_OUTPUT_FILE_0}\"\n";
			showEnvVarsInLog = 0;
		};
/* End PBXShellScriptBuildPhase section */

/* Begin PBXSourcesBuildPhase section */
		6DCA7272226F06C800B9424F /* Sources */ = {
			isa = PBXSourcesBuildPhase;
			buildActionMask = 2147483647;
			files = (
				6DCA72B2226F0AE200B9424F /* MarvelAPI.swift in Sources */,
				6DCA72AD226F07A600B9424F /* Endpoint.swift in Sources */,
				6DCA72C82272F46D00B9424F /* DemoSelectionViewController.swift in Sources */,
				6DCA72A4226F07A600B9424F /* ErrorView.swift in Sources */,
				6D648B52227721930098EBB9 /* ImageView.swift in Sources */,
				6DCA72AC226F07A600B9424F /* EndpointResponse.swift in Sources */,
				6DCA72B5226F0BBB00B9424F /* MarvelCharacters.swift in Sources */,
				6DCA72C2226F519B00B9424F /* MarvelCharactersViewController.swift in Sources */,
				6DCA72CF2273419F00B9424F /* UIImageView+URL.swift in Sources */,
				6DCA72B7226F0C4200B9424F /* String+md5.swift in Sources */,
				6DCA72D32276EA5F00B9424F /* TableItemView.swift in Sources */,
				6DCA72CA2272F48700B9424F /* MarvelDemoViewController.swift in Sources */,
				6DCA72C52272F09D00B9424F /* SimpleTableViewController.swift in Sources */,
				6DCA72BA226F2F0D00B9424F /* CenteredErrorView.swift in Sources */,
				6DCA72D12276EA3B00B9424F /* GridItemView.swift in Sources */,
				6DCA72A7226F07A600B9424F /* GenericListCollectionView.swift in Sources */,
				6DCA72AB226F07A600B9424F /* UIView+Constraints.swift in Sources */,
				6D648B4F2276F1500098EBB9 /* MarvelCharacterGridViewCell.swift in Sources */,
				6DCA72A3226F07A600B9424F /* LoadingView.swift in Sources */,
				6DCA727A226F06C800B9424F /* AppDelegate.swift in Sources */,
				6DCA72C0226F395900B9424F /* MarvelCharacterTableViewCell.swift in Sources */,
				6DCA72A6226F07A600B9424F /* BaseView.swift in Sources */,
				6DCA72A9226F07A600B9424F /* GenericListViewable.swift in Sources */,
				6DCA72A8226F07A600B9424F /* GenericListViewController.swift in Sources */,
				6DCA72A2226F07A600B9424F /* CenteredLoadingView.swift in Sources */,
				6DCA72A5226F07A600B9424F /* BaseCollectionViewCell.swift in Sources */,
			);
			runOnlyForDeploymentPostprocessing = 0;
		};
/* End PBXSourcesBuildPhase section */

/* Begin PBXVariantGroup section */
		6DCA7282226F06C900B9424F /* LaunchScreen.storyboard */ = {
			isa = PBXVariantGroup;
			children = (
				6DCA7283226F06C900B9424F /* Base */,
			);
			name = LaunchScreen.storyboard;
			sourceTree = "<group>";
		};
/* End PBXVariantGroup section */

/* Begin XCBuildConfiguration section */
		6DCA7286226F06C900B9424F /* Debug */ = {
			isa = XCBuildConfiguration;
			buildSettings = {
				ALWAYS_SEARCH_USER_PATHS = NO;
				CLANG_ANALYZER_NONNULL = YES;
				CLANG_ANALYZER_NUMBER_OBJECT_CONVERSION = YES_AGGRESSIVE;
				CLANG_CXX_LANGUAGE_STANDARD = "gnu++14";
				CLANG_CXX_LIBRARY = "libc++";
				CLANG_ENABLE_MODULES = YES;
				CLANG_ENABLE_OBJC_ARC = YES;
				CLANG_ENABLE_OBJC_WEAK = YES;
				CLANG_WARN_BLOCK_CAPTURE_AUTORELEASING = YES;
				CLANG_WARN_BOOL_CONVERSION = YES;
				CLANG_WARN_COMMA = YES;
				CLANG_WARN_CONSTANT_CONVERSION = YES;
				CLANG_WARN_DEPRECATED_OBJC_IMPLEMENTATIONS = YES;
				CLANG_WARN_DIRECT_OBJC_ISA_USAGE = YES_ERROR;
				CLANG_WARN_DOCUMENTATION_COMMENTS = YES;
				CLANG_WARN_EMPTY_BODY = YES;
				CLANG_WARN_ENUM_CONVERSION = YES;
				CLANG_WARN_INFINITE_RECURSION = YES;
				CLANG_WARN_INT_CONVERSION = YES;
				CLANG_WARN_NON_LITERAL_NULL_CONVERSION = YES;
				CLANG_WARN_OBJC_IMPLICIT_RETAIN_SELF = YES;
				CLANG_WARN_OBJC_LITERAL_CONVERSION = YES;
				CLANG_WARN_OBJC_ROOT_CLASS = YES_ERROR;
				CLANG_WARN_RANGE_LOOP_ANALYSIS = YES;
				CLANG_WARN_STRICT_PROTOTYPES = YES;
				CLANG_WARN_SUSPICIOUS_MOVE = YES;
				CLANG_WARN_UNGUARDED_AVAILABILITY = YES_AGGRESSIVE;
				CLANG_WARN_UNREACHABLE_CODE = YES;
				CLANG_WARN__DUPLICATE_METHOD_MATCH = YES;
				CODE_SIGN_IDENTITY = "iPhone Developer";
				COPY_PHASE_STRIP = NO;
				DEBUG_INFORMATION_FORMAT = dwarf;
				ENABLE_STRICT_OBJC_MSGSEND = YES;
				ENABLE_TESTABILITY = YES;
				GCC_C_LANGUAGE_STANDARD = gnu11;
				GCC_DYNAMIC_NO_PIC = NO;
				GCC_NO_COMMON_BLOCKS = YES;
				GCC_OPTIMIZATION_LEVEL = 0;
				GCC_PREPROCESSOR_DEFINITIONS = (
					"DEBUG=1",
					"$(inherited)",
				);
				GCC_WARN_64_TO_32_BIT_CONVERSION = YES;
				GCC_WARN_ABOUT_RETURN_TYPE = YES_ERROR;
				GCC_WARN_UNDECLARED_SELECTOR = YES;
				GCC_WARN_UNINITIALIZED_AUTOS = YES_AGGRESSIVE;
				GCC_WARN_UNUSED_FUNCTION = YES;
				GCC_WARN_UNUSED_VARIABLE = YES;
				IPHONEOS_DEPLOYMENT_TARGET = 9.0;
				MTL_ENABLE_DEBUG_INFO = INCLUDE_SOURCE;
				MTL_FAST_MATH = YES;
				ONLY_ACTIVE_ARCH = YES;
				SDKROOT = iphoneos;
				SWIFT_ACTIVE_COMPILATION_CONDITIONS = DEBUG;
				SWIFT_OPTIMIZATION_LEVEL = "-Onone";
			};
			name = Debug;
		};
		6DCA7287226F06C900B9424F /* Release */ = {
			isa = XCBuildConfiguration;
			buildSettings = {
				ALWAYS_SEARCH_USER_PATHS = NO;
				CLANG_ANALYZER_NONNULL = YES;
				CLANG_ANALYZER_NUMBER_OBJECT_CONVERSION = YES_AGGRESSIVE;
				CLANG_CXX_LANGUAGE_STANDARD = "gnu++14";
				CLANG_CXX_LIBRARY = "libc++";
				CLANG_ENABLE_MODULES = YES;
				CLANG_ENABLE_OBJC_ARC = YES;
				CLANG_ENABLE_OBJC_WEAK = YES;
				CLANG_WARN_BLOCK_CAPTURE_AUTORELEASING = YES;
				CLANG_WARN_BOOL_CONVERSION = YES;
				CLANG_WARN_COMMA = YES;
				CLANG_WARN_CONSTANT_CONVERSION = YES;
				CLANG_WARN_DEPRECATED_OBJC_IMPLEMENTATIONS = YES;
				CLANG_WARN_DIRECT_OBJC_ISA_USAGE = YES_ERROR;
				CLANG_WARN_DOCUMENTATION_COMMENTS = YES;
				CLANG_WARN_EMPTY_BODY = YES;
				CLANG_WARN_ENUM_CONVERSION = YES;
				CLANG_WARN_INFINITE_RECURSION = YES;
				CLANG_WARN_INT_CONVERSION = YES;
				CLANG_WARN_NON_LITERAL_NULL_CONVERSION = YES;
				CLANG_WARN_OBJC_IMPLICIT_RETAIN_SELF = YES;
				CLANG_WARN_OBJC_LITERAL_CONVERSION = YES;
				CLANG_WARN_OBJC_ROOT_CLASS = YES_ERROR;
				CLANG_WARN_RANGE_LOOP_ANALYSIS = YES;
				CLANG_WARN_STRICT_PROTOTYPES = YES;
				CLANG_WARN_SUSPICIOUS_MOVE = YES;
				CLANG_WARN_UNGUARDED_AVAILABILITY = YES_AGGRESSIVE;
				CLANG_WARN_UNREACHABLE_CODE = YES;
				CLANG_WARN__DUPLICATE_METHOD_MATCH = YES;
				CODE_SIGN_IDENTITY = "iPhone Developer";
				COPY_PHASE_STRIP = NO;
				DEBUG_INFORMATION_FORMAT = "dwarf-with-dsym";
				ENABLE_NS_ASSERTIONS = NO;
				ENABLE_STRICT_OBJC_MSGSEND = YES;
				GCC_C_LANGUAGE_STANDARD = gnu11;
				GCC_NO_COMMON_BLOCKS = YES;
				GCC_WARN_64_TO_32_BIT_CONVERSION = YES;
				GCC_WARN_ABOUT_RETURN_TYPE = YES_ERROR;
				GCC_WARN_UNDECLARED_SELECTOR = YES;
				GCC_WARN_UNINITIALIZED_AUTOS = YES_AGGRESSIVE;
				GCC_WARN_UNUSED_FUNCTION = YES;
				GCC_WARN_UNUSED_VARIABLE = YES;
				IPHONEOS_DEPLOYMENT_TARGET = 9.0;
				MTL_ENABLE_DEBUG_INFO = NO;
				MTL_FAST_MATH = YES;
				SDKROOT = iphoneos;
				SWIFT_COMPILATION_MODE = wholemodule;
				SWIFT_OPTIMIZATION_LEVEL = "-O";
				VALIDATE_PRODUCT = YES;
			};
			name = Release;
		};
		6DCA7289226F06C900B9424F /* Debug */ = {
			isa = XCBuildConfiguration;
			baseConfigurationReference = E76C3F2F377A4B6F00E28538 /* Pods-GenericKitDemo.debug.xcconfig */;
			buildSettings = {
				ASSETCATALOG_COMPILER_APPICON_NAME = AppIcon;
				CODE_SIGN_STYLE = Manual;
				DEVELOPMENT_TEAM = "";
				INFOPLIST_FILE = GenericKitDemo/Resources/Info.plist;
				IPHONEOS_DEPLOYMENT_TARGET = 9.0;
				LD_RUNPATH_SEARCH_PATHS = (
					"$(inherited)",
					"@executable_path/Frameworks",
				);
				PRODUCT_BUNDLE_IDENTIFIER = com.victormarcias.GenericKitDemo;
				PRODUCT_NAME = "$(TARGET_NAME)";
				PROVISIONING_PROFILE_SPECIFIER = "";
				SWIFT_VERSION = 4.2;
				TARGETED_DEVICE_FAMILY = "1,2";
			};
			name = Debug;
		};
		6DCA728A226F06C900B9424F /* Release */ = {
			isa = XCBuildConfiguration;
			baseConfigurationReference = 1086E4C41A401AA42AA22821 /* Pods-GenericKitDemo.release.xcconfig */;
			buildSettings = {
				ASSETCATALOG_COMPILER_APPICON_NAME = AppIcon;
				CODE_SIGN_STYLE = Manual;
				DEVELOPMENT_TEAM = "";
				INFOPLIST_FILE = GenericKitDemo/Resources/Info.plist;
				IPHONEOS_DEPLOYMENT_TARGET = 9.0;
				LD_RUNPATH_SEARCH_PATHS = (
					"$(inherited)",
					"@executable_path/Frameworks",
				);
				PRODUCT_BUNDLE_IDENTIFIER = com.victormarcias.GenericKitDemo;
				PRODUCT_NAME = "$(TARGET_NAME)";
				PROVISIONING_PROFILE_SPECIFIER = "";
				SWIFT_VERSION = 4.2;
				TARGETED_DEVICE_FAMILY = "1,2";
			};
			name = Release;
		};
/* End XCBuildConfiguration section */

/* Begin XCConfigurationList section */
		6DCA7271226F06C800B9424F /* Build configuration list for PBXProject "GenericKitDemo" */ = {
			isa = XCConfigurationList;
			buildConfigurations = (
				6DCA7286226F06C900B9424F /* Debug */,
				6DCA7287226F06C900B9424F /* Release */,
			);
			defaultConfigurationIsVisible = 0;
			defaultConfigurationName = Release;
		};
		6DCA7288226F06C900B9424F /* Build configuration list for PBXNativeTarget "GenericKitDemo" */ = {
			isa = XCConfigurationList;
			buildConfigurations = (
				6DCA7289226F06C900B9424F /* Debug */,
				6DCA728A226F06C900B9424F /* Release */,
			);
			defaultConfigurationIsVisible = 0;
			defaultConfigurationName = Release;
		};
/* End XCConfigurationList section */
	};
	rootObject = 6DCA726E226F06C800B9424F /* Project object */;
}
